
Microsoft Visual Studio Solution File, Format Version 11.00
# Visual Studio 2010
Project("{2150E333-8FDC-42A3-9474-1A3956D46DE8}") = "DsFilters", "DsFilters", "{D5660BE9-8A48-4F66-A144-816131B9ACAD}"
EndProject
Project("{2150E333-8FDC-42A3-9474-1A3956D46DE8}") = "Codecs", "Codecs", "{D751A11F-573F-4296-8884-F3EE47CFB272}"
EndProject
Project("{2150E333-8FDC-42A3-9474-1A3956D46DE8}") = "Tools", "Tools", "{9F76AAD0-B778-470E-A67D-3764C10C8D5A}"
EndProject
Project("{2150E333-8FDC-42A3-9474-1A3956D46DE8}") = "CommonLibs", "CommonLibs", "{F10E8FC2-9D48-46E0-AFB1-3009EFC69663}"
EndProject
Project("{2150E333-8FDC-42A3-9474-1A3956D46DE8}") = "Plugins", "Plugins", "{E3965274-AA09-4D4B-89C0-254C2F733895}"
EndProject
Project("{2150E333-8FDC-42A3-9474-1A3956D46DE8}") = "Ogre", "Ogre", "{F569EA6A-935F-48F2-8A6A-87E08299C699}"
EndProject
Project("{8BC9CEB8-8B4A-11D0-8D11-00A0C91BC942}") = "OnyxVirtualStudio", "OnyxVirtualStudio\OnyxVirtualStudio.vcxproj", "{5079A792-E5E7-498E-9BF2-4B989C9F99FC}"
EndProject
Project("{8BC9CEB8-8B4A-11D0-8D11-00A0C91BC942}") = "PluginDshow", "PluginDshow\PluginDshow.vcxproj", "{5E0C2CF8-1F02-483D-83FB-905E8FA3BC4D}"
EndProject
Project("{8BC9CEB8-8B4A-11D0-8D11-00A0C91BC942}") = "PluginControl", "PluginControl\PluginControl.vcxproj", "{08163AAE-202D-4C93-B43A-BF6136926AC1}"
EndProject
Project("{8BC9CEB8-8B4A-11D0-8D11-00A0C91BC942}") = "McnDtCap", "..\dlna\DsFilters\McnDtCap\McnDtCap.vcxproj", "{79115543-F595-4FE6-95DC-FD0D75E39EF9}"
EndProject
Project("{8BC9CEB8-8B4A-11D0-8D11-00A0C91BC942}") = "McnMp4Demux", "..\dlna\DsFilters\McnMp4Demux\McnMp4Demux.vcxproj", "{3793C4A7-0854-4778-A89A-88EED245F6A3}"
EndProject
Project("{8BC9CEB8-8B4A-11D0-8D11-00A0C91BC942}") = "mcnmp4mux", "..\dlna\DsFilters\McnMp4Mux\mcnmp4mux.vcxproj", "{503742FF-F31C-46FF-9E15-E3DFD0857272}"
EndProject
Project("{8BC9CEB8-8B4A-11D0-8D11-00A0C91BC942}") = "McnVCam", "..\dlna\DsFilters\McnVCam\McnVCam.vcxproj", "{C04B33C6-413D-42F3-B5B0-BFBFB60089CD}"
EndProject
Project("{8BC9CEB8-8B4A-11D0-8D11-00A0C91BC942}") = "McnHlsSrvFilter", "..\dlna\DsFilters\McnHlsSrvFilter\McnHlsSrvFilter.vcxproj", "{334BC8AF-0C4F-4C1C-9055-C9BE4243BC21}"
EndProject
Project("{8BC9CEB8-8B4A-11D0-8D11-00A0C91BC942}") = "mcnaacenc", "..\mcncodec\IppCodec_5_3\mcnaacenc\mcnaacenc.vcxproj", "{DDC2F197-1E7E-45D7-BA43-A28FB946F638}"
EndProject
Project("{8BC9CEB8-8B4A-11D0-8D11-00A0C91BC942}") = "mcnh264dmo", "..\mcncodec\IppCodec_5_3\mcnh264dmo\mcnh264dmo.vcxproj", "{FC1E3CF8-78B5-4AC9-B0DE-E0FCEFD83AB1}"
EndProject
Project("{8BC9CEB8-8B4A-11D0-8D11-00A0C91BC942}") = "mcnaacdecdmo", "..\mcncodec\IppCodec_5_3\mcnaacdecdmo\mcnaacdecdmo.vcxproj", "{CED7D3CA-61BE-42B8-AA04-C93CF293F9D5}"
EndProject
Project("{8BC9CEB8-8B4A-11D0-8D11-00A0C91BC942}") = "McnH264EncDmo", "..\mcncodec\IppCodec_5_3\McnH264EncDmo\McnH264EncDmo.vcxproj", "{3BBF9FAD-767E-4FD2-BA7D-351352C067A9}"
EndProject
Project("{8BC9CEB8-8B4A-11D0-8D11-00A0C91BC942}") = "McnH264DecFilter", "..\mcncodec\IppCodec_5_3\McnH264DecFilter\McnH264DecFilter.vcxproj", "{37BE7523-5C12-45E8-AA67-F78E4F59D976}"
EndProject
Project("{8BC9CEB8-8B4A-11D0-8D11-00A0C91BC942}") = "McnRtspSrc", "..\dlna\DsFilters\McnRtspSrc\McnRtspSrc.vcxproj", "{E982C1B3-88CD-459B-A928-DAEA7D951B77}"
EndProject
Project("{8BC9CEB8-8B4A-11D0-8D11-00A0C91BC942}") = "McnRtspSrvFilter", "..\dlna\DsFilters\McnRtspSrvFilter\McnRtspSrvFilter.vcxproj", "{9FD29FC6-311A-4661-9625-E1929EA4FE77}"
EndProject
Project("{8BC9CEB8-8B4A-11D0-8D11-00A0C91BC942}") = "jdaws", "..\dlna\jdaws\win32\jdaws.vcxproj", "{4C19C347-405C-4713-961F-02BF0F1003C6}"
EndProject
Project("{8BC9CEB8-8B4A-11D0-8D11-00A0C91BC942}") = "AVParse", "..\dlna\DsFilters\AVParse\AVParse.vcxproj", "{CA034884-0B92-4E4F-9189-F29113ACE8B7}"
EndProject
Project("{8BC9CEB8-8B4A-11D0-8D11-00A0C91BC942}") = "OvsControl", "Tools\OvsControl\OvsControl.vcxproj", "{5C3F2CA1-D870-4863-B94D-4E048174EC8B}"
EndProject
Project("{8BC9CEB8-8B4A-11D0-8D11-00A0C91BC942}") = "PluginExtVidIn", "PluginExtVidIn\PluginExtVidIn.vcxproj", "{354DF112-1294-45E1-BFE1-516E98D5B7D4}"
EndProject
Project("{8BC9CEB8-8B4A-11D0-8D11-00A0C91BC942}") = "PluginSkype", "PluginSkype\PluginSkype.vcxproj", "{4BEE6DEE-E47D-4987-A22D-53943FC77B6A}"
EndProject
Project("{2150E333-8FDC-42A3-9474-1A3956D46DE8}") = "OgreDependencies", "OgreDependencies", "{521107F1-4D22-4B7A-A802-698B64AED36D}"
EndProject
Project("{8BC9CEB8-8B4A-11D0-8D11-00A0C91BC942}") = "OgreMain", "..\Ogre\Build_vc10_v1-8-1\OgreMain\OgreMain.vcxproj", "{DBEC9DFC-8E84-4F86-8EBA-543F9B69DB95}"
EndProject
Project("{8BC9CEB8-8B4A-11D0-8D11-00A0C91BC942}") = "RenderSystem_Direct3D9", "..\Ogre\Build_vc10_v1-8-1\RenderSystems\Direct3D9\RenderSystem_Direct3D9.vcxproj", "{070E9DF2-F88C-4E9E-BB8D-898660EE755D}"
EndProject
Project("{8BC9CEB8-8B4A-11D0-8D11-00A0C91BC942}") = "RenderSystem_GL", "..\Ogre\Build_vc10_v1-8-1\RenderSystems\GL\RenderSystem_GL.vcxproj", "{87D27908-F250-4D2C-A40E-2D12C1B1A26E}"
EndProject
Project("{8BC9CEB8-8B4A-11D0-8D11-00A0C91BC942}") = "McnIMsdkH264EncFilter", "..\mcncodec\IMSdk_R3\samples\sample_dshow_plugins\h264_enc_filter\h264_enc_filter.vcxproj", "{42FFAF21-D134-47DA-BA17-0401A362420D}"
EndProject
Project("{8BC9CEB8-8B4A-11D0-8D11-00A0C91BC942}") = "McnRtmpPublish", "..\dlna\DsFilters\McnRtmpPublish\McnRtmpPublish.vcxproj", "{2A29C268-EC56-4B30-AD40-74E4510F46F3}"
EndProject
Project("{8BC9CEB8-8B4A-11D0-8D11-00A0C91BC942}") = "McnColorConvFilter", "..\mcncodec\IppCodec_7_1\McnColovConvFilter\McnColorConvFilter.vcxproj", "{0A02C8C2-68BA-42CF-856E-3ACA8384A59B}"
EndProject
Project("{54435603-DBB4-11D2-8724-00A0C9A8B90C}") = "OnyxEliteSetup", "OnyxEliteSetup\OnyxEliteSetup.vdproj", "{4A77D448-C26C-4EF9-8085-D1754EF1BF4E}"
EndProject
Project("{8BC9CEB8-8B4A-11D0-8D11-00A0C91BC942}") = "McnUdpSrvFilter", "..\dlna\DsFilters\McnUdpSrvFilter\McnUdpSrvFilter.vcxproj", "{727EFA37-4654-42B1-BE42-D921BC52F38B}"
EndProject
Project("{8BC9CEB8-8B4A-11D0-8D11-00A0C91BC942}") = "librtmp", "..\gpl_source\librtmp\librtmp.vcxproj", "{470C289E-BDF0-4071-8CF3-073F05BB7593}"
EndProject
Project("{8BC9CEB8-8B4A-11D0-8D11-00A0C91BC942}") = "McnIMsdkH264DecFilter", "..\mcncodec\IMSdk_R3\samples\sample_dshow_plugins\h264_dec_filter\h264_dec_filter.vcxproj", "{07003321-D203-4E31-91EB-8A9C699F91ED}"
EndProject
Global
	GlobalSection(SolutionConfigurationPlatforms) = preSolution
		Debug Unicode|Win32 = Debug Unicode|Win32
		Debug Unicode|x64 = Debug Unicode|x64
		Debug|Win32 = Debug|Win32
		Debug|x64 = Debug|x64
		MinSizeRel|Win32 = MinSizeRel|Win32
		MinSizeRel|x64 = MinSizeRel|x64
		Release Unicode|Win32 = Release Unicode|Win32
		Release Unicode|x64 = Release Unicode|x64
		Release|Win32 = Release|Win32
		Release|x64 = Release|x64
		RelWithDebInfo|Win32 = RelWithDebInfo|Win32
		RelWithDebInfo|x64 = RelWithDebInfo|x64
		Template|Win32 = Template|Win32
		Template|x64 = Template|x64
	EndGlobalSection
	GlobalSection(ProjectConfigurationPlatforms) = postSolution
		{5079A792-E5E7-498E-9BF2-4B989C9F99FC}.Debug Unicode|Win32.ActiveCfg = Debug|Win32
		{5079A792-E5E7-498E-9BF2-4B989C9F99FC}.Debug Unicode|Win32.Build.0 = Debug|Win32
		{5079A792-E5E7-498E-9BF2-4B989C9F99FC}.Debug Unicode|x64.ActiveCfg = Debug|Win32
		{5079A792-E5E7-498E-9BF2-4B989C9F99FC}.Debug|Win32.ActiveCfg = Debug|Win32
		{5079A792-E5E7-498E-9BF2-4B989C9F99FC}.Debug|Win32.Build.0 = Debug|Win32
		{5079A792-E5E7-498E-9BF2-4B989C9F99FC}.Debug|x64.ActiveCfg = Debug|Win32
		{5079A792-E5E7-498E-9BF2-4B989C9F99FC}.MinSizeRel|Win32.ActiveCfg = Release|Win32
		{5079A792-E5E7-498E-9BF2-4B989C9F99FC}.MinSizeRel|Win32.Build.0 = Release|Win32
		{5079A792-E5E7-498E-9BF2-4B989C9F99FC}.MinSizeRel|x64.ActiveCfg = Release|Win32
		{5079A792-E5E7-498E-9BF2-4B989C9F99FC}.Release Unicode|Win32.ActiveCfg = Release|Win32
		{5079A792-E5E7-498E-9BF2-4B989C9F99FC}.Release Unicode|Win32.Build.0 = Release|Win32
		{5079A792-E5E7-498E-9BF2-4B989C9F99FC}.Release Unicode|x64.ActiveCfg = Release|Win32
		{5079A792-E5E7-498E-9BF2-4B989C9F99FC}.Release|Win32.ActiveCfg = Release|Win32
		{5079A792-E5E7-498E-9BF2-4B989C9F99FC}.Release|Win32.Build.0 = Release|Win32
		{5079A792-E5E7-498E-9BF2-4B989C9F99FC}.Release|x64.ActiveCfg = Release|Win32
		{5079A792-E5E7-498E-9BF2-4B989C9F99FC}.RelWithDebInfo|Win32.ActiveCfg = Release|Win32
		{5079A792-E5E7-498E-9BF2-4B989C9F99FC}.RelWithDebInfo|Win32.Build.0 = Release|Win32
		{5079A792-E5E7-498E-9BF2-4B989C9F99FC}.RelWithDebInfo|x64.ActiveCfg = Release|Win32
		{5079A792-E5E7-498E-9BF2-4B989C9F99FC}.Template|Win32.ActiveCfg = Release|Win32
		{5079A792-E5E7-498E-9BF2-4B989C9F99FC}.Template|Win32.Build.0 = Release|Win32
		{5079A792-E5E7-498E-9BF2-4B989C9F99FC}.Template|x64.ActiveCfg = Release|Win32
		{5E0C2CF8-1F02-483D-83FB-905E8FA3BC4D}.Debug Unicode|Win32.ActiveCfg = Debug|Win32
		{5E0C2CF8-1F02-483D-83FB-905E8FA3BC4D}.Debug Unicode|Win32.Build.0 = Debug|Win32
		{5E0C2CF8-1F02-483D-83FB-905E8FA3BC4D}.Debug Unicode|x64.ActiveCfg = Debug|Win32
		{5E0C2CF8-1F02-483D-83FB-905E8FA3BC4D}.Debug|Win32.ActiveCfg = Debug|Win32
		{5E0C2CF8-1F02-483D-83FB-905E8FA3BC4D}.Debug|Win32.Build.0 = Debug|Win32
		{5E0C2CF8-1F02-483D-83FB-905E8FA3BC4D}.Debug|x64.ActiveCfg = Debug|Win32
		{5E0C2CF8-1F02-483D-83FB-905E8FA3BC4D}.MinSizeRel|Win32.ActiveCfg = Release|Win32
		{5E0C2CF8-1F02-483D-83FB-905E8FA3BC4D}.MinSizeRel|Win32.Build.0 = Release|Win32
		{5E0C2CF8-1F02-483D-83FB-905E8FA3BC4D}.MinSizeRel|x64.ActiveCfg = Release|Win32
		{5E0C2CF8-1F02-483D-83FB-905E8FA3BC4D}.Release Unicode|Win32.ActiveCfg = Release|Win32
		{5E0C2CF8-1F02-483D-83FB-905E8FA3BC4D}.Release Unicode|Win32.Build.0 = Release|Win32
		{5E0C2CF8-1F02-483D-83FB-905E8FA3BC4D}.Release Unicode|x64.ActiveCfg = Release|Win32
		{5E0C2CF8-1F02-483D-83FB-905E8FA3BC4D}.Release|Win32.ActiveCfg = Release|Win32
		{5E0C2CF8-1F02-483D-83FB-905E8FA3BC4D}.Release|Win32.Build.0 = Release|Win32
		{5E0C2CF8-1F02-483D-83FB-905E8FA3BC4D}.Release|x64.ActiveCfg = Release|Win32
		{5E0C2CF8-1F02-483D-83FB-905E8FA3BC4D}.RelWithDebInfo|Win32.ActiveCfg = Release|Win32
		{5E0C2CF8-1F02-483D-83FB-905E8FA3BC4D}.RelWithDebInfo|Win32.Build.0 = Release|Win32
		{5E0C2CF8-1F02-483D-83FB-905E8FA3BC4D}.RelWithDebInfo|x64.ActiveCfg = Release|Win32
		{5E0C2CF8-1F02-483D-83FB-905E8FA3BC4D}.Template|Win32.ActiveCfg = Release|Win32
		{5E0C2CF8-1F02-483D-83FB-905E8FA3BC4D}.Template|Win32.Build.0 = Release|Win32
		{5E0C2CF8-1F02-483D-83FB-905E8FA3BC4D}.Template|x64.ActiveCfg = Release|Win32
		{08163AAE-202D-4C93-B43A-BF6136926AC1}.Debug Unicode|Win32.ActiveCfg = Debug|Win32
		{08163AAE-202D-4C93-B43A-BF6136926AC1}.Debug Unicode|Win32.Build.0 = Debug|Win32
		{08163AAE-202D-4C93-B43A-BF6136926AC1}.Debug Unicode|x64.ActiveCfg = Debug|Win32
		{08163AAE-202D-4C93-B43A-BF6136926AC1}.Debug|Win32.ActiveCfg = Debug|Win32
		{08163AAE-202D-4C93-B43A-BF6136926AC1}.Debug|Win32.Build.0 = Debug|Win32
		{08163AAE-202D-4C93-B43A-BF6136926AC1}.Debug|x64.ActiveCfg = Debug|Win32
		{08163AAE-202D-4C93-B43A-BF6136926AC1}.MinSizeRel|Win32.ActiveCfg = Release|Win32
		{08163AAE-202D-4C93-B43A-BF6136926AC1}.MinSizeRel|Win32.Build.0 = Release|Win32
		{08163AAE-202D-4C93-B43A-BF6136926AC1}.MinSizeRel|x64.ActiveCfg = Release|Win32
		{08163AAE-202D-4C93-B43A-BF6136926AC1}.Release Unicode|Win32.ActiveCfg = Release|Win32
		{08163AAE-202D-4C93-B43A-BF6136926AC1}.Release Unicode|Win32.Build.0 = Release|Win32
		{08163AAE-202D-4C93-B43A-BF6136926AC1}.Release Unicode|x64.ActiveCfg = Release|Win32
		{08163AAE-202D-4C93-B43A-BF6136926AC1}.Release|Win32.ActiveCfg = Release|Win32
		{08163AAE-202D-4C93-B43A-BF6136926AC1}.Release|Win32.Build.0 = Release|Win32
		{08163AAE-202D-4C93-B43A-BF6136926AC1}.Release|x64.ActiveCfg = Release|Win32
		{08163AAE-202D-4C93-B43A-BF6136926AC1}.RelWithDebInfo|Win32.ActiveCfg = Release|Win32
		{08163AAE-202D-4C93-B43A-BF6136926AC1}.RelWithDebInfo|Win32.Build.0 = Release|Win32
		{08163AAE-202D-4C93-B43A-BF6136926AC1}.RelWithDebInfo|x64.ActiveCfg = Release|Win32
		{08163AAE-202D-4C93-B43A-BF6136926AC1}.Template|Win32.ActiveCfg = Release|Win32
		{08163AAE-202D-4C93-B43A-BF6136926AC1}.Template|Win32.Build.0 = Release|Win32
		{08163AAE-202D-4C93-B43A-BF6136926AC1}.Template|x64.ActiveCfg = Release|Win32
		{79115543-F595-4FE6-95DC-FD0D75E39EF9}.Debug Unicode|Win32.ActiveCfg = Debug|Win32
		{79115543-F595-4FE6-95DC-FD0D75E39EF9}.Debug Unicode|Win32.Build.0 = Debug|Win32
		{79115543-F595-4FE6-95DC-FD0D75E39EF9}.Debug Unicode|x64.ActiveCfg = Debug|Win32
		{79115543-F595-4FE6-95DC-FD0D75E39EF9}.Debug|Win32.ActiveCfg = Debug|Win32
		{79115543-F595-4FE6-95DC-FD0D75E39EF9}.Debug|Win32.Build.0 = Debug|Win32
		{79115543-F595-4FE6-95DC-FD0D75E39EF9}.Debug|x64.ActiveCfg = Debug|Win32
		{79115543-F595-4FE6-95DC-FD0D75E39EF9}.MinSizeRel|Win32.ActiveCfg = Debug|Win32
		{79115543-F595-4FE6-95DC-FD0D75E39EF9}.MinSizeRel|Win32.Build.0 = Debug|Win32
		{79115543-F595-4FE6-95DC-FD0D75E39EF9}.MinSizeRel|x64.ActiveCfg = Release|Win32
		{79115543-F595-4FE6-95DC-FD0D75E39EF9}.Release Unicode|Win32.ActiveCfg = Release|Win32
		{79115543-F595-4FE6-95DC-FD0D75E39EF9}.Release Unicode|Win32.Build.0 = Release|Win32
		{79115543-F595-4FE6-95DC-FD0D75E39EF9}.Release Unicode|x64.ActiveCfg = Release|Win32
		{79115543-F595-4FE6-95DC-FD0D75E39EF9}.Release|Win32.ActiveCfg = Release|Win32
		{79115543-F595-4FE6-95DC-FD0D75E39EF9}.Release|Win32.Build.0 = Release|Win32
		{79115543-F595-4FE6-95DC-FD0D75E39EF9}.Release|x64.ActiveCfg = Release|Win32
		{79115543-F595-4FE6-95DC-FD0D75E39EF9}.RelWithDebInfo|Win32.ActiveCfg = Release|Win32
		{79115543-F595-4FE6-95DC-FD0D75E39EF9}.RelWithDebInfo|Win32.Build.0 = Release|Win32
		{79115543-F595-4FE6-95DC-FD0D75E39EF9}.RelWithDebInfo|x64.ActiveCfg = Release|Win32
		{79115543-F595-4FE6-95DC-FD0D75E39EF9}.Template|Win32.ActiveCfg = Release|Win32
		{79115543-F595-4FE6-95DC-FD0D75E39EF9}.Template|Win32.Build.0 = Release|Win32
		{79115543-F595-4FE6-95DC-FD0D75E39EF9}.Template|x64.ActiveCfg = Release|Win32
		{3793C4A7-0854-4778-A89A-88EED245F6A3}.Debug Unicode|Win32.ActiveCfg = Debug|Win32
		{3793C4A7-0854-4778-A89A-88EED245F6A3}.Debug Unicode|Win32.Build.0 = Debug|Win32
		{3793C4A7-0854-4778-A89A-88EED245F6A3}.Debug Unicode|x64.ActiveCfg = Debug|Win32
		{3793C4A7-0854-4778-A89A-88EED245F6A3}.Debug|Win32.ActiveCfg = Debug|Win32
		{3793C4A7-0854-4778-A89A-88EED245F6A3}.Debug|Win32.Build.0 = Debug|Win32
		{3793C4A7-0854-4778-A89A-88EED245F6A3}.Debug|x64.ActiveCfg = Debug|Win32
		{3793C4A7-0854-4778-A89A-88EED245F6A3}.MinSizeRel|Win32.ActiveCfg = Release|Win32
		{3793C4A7-0854-4778-A89A-88EED245F6A3}.MinSizeRel|Win32.Build.0 = Release|Win32
		{3793C4A7-0854-4778-A89A-88EED245F6A3}.MinSizeRel|x64.ActiveCfg = Release|Win32
		{3793C4A7-0854-4778-A89A-88EED245F6A3}.Release Unicode|Win32.ActiveCfg = Release|Win32
		{3793C4A7-0854-4778-A89A-88EED245F6A3}.Release Unicode|Win32.Build.0 = Release|Win32
		{3793C4A7-0854-4778-A89A-88EED245F6A3}.Release Unicode|x64.ActiveCfg = Release|Win32
		{3793C4A7-0854-4778-A89A-88EED245F6A3}.Release|Win32.ActiveCfg = Release|Win32
		{3793C4A7-0854-4778-A89A-88EED245F6A3}.Release|Win32.Build.0 = Release|Win32
		{3793C4A7-0854-4778-A89A-88EED245F6A3}.Release|x64.ActiveCfg = Release|Win32
		{3793C4A7-0854-4778-A89A-88EED245F6A3}.RelWithDebInfo|Win32.ActiveCfg = Release|Win32
		{3793C4A7-0854-4778-A89A-88EED245F6A3}.RelWithDebInfo|Win32.Build.0 = Release|Win32
		{3793C4A7-0854-4778-A89A-88EED245F6A3}.RelWithDebInfo|x64.ActiveCfg = Release|Win32
		{3793C4A7-0854-4778-A89A-88EED245F6A3}.Template|Win32.ActiveCfg = Release|Win32
		{3793C4A7-0854-4778-A89A-88EED245F6A3}.Template|Win32.Build.0 = Release|Win32
		{3793C4A7-0854-4778-A89A-88EED245F6A3}.Template|x64.ActiveCfg = Release|Win32
		{503742FF-F31C-46FF-9E15-E3DFD0857272}.Debug Unicode|Win32.ActiveCfg = Debug|Win32
		{503742FF-F31C-46FF-9E15-E3DFD0857272}.Debug Unicode|Win32.Build.0 = Debug|Win32
		{503742FF-F31C-46FF-9E15-E3DFD0857272}.Debug Unicode|x64.ActiveCfg = Debug|Win32
		{503742FF-F31C-46FF-9E15-E3DFD0857272}.Debug|Win32.ActiveCfg = Debug|Win32
		{503742FF-F31C-46FF-9E15-E3DFD0857272}.Debug|Win32.Build.0 = Debug|Win32
		{503742FF-F31C-46FF-9E15-E3DFD0857272}.Debug|x64.ActiveCfg = Debug|Win32
		{503742FF-F31C-46FF-9E15-E3DFD0857272}.MinSizeRel|Win32.ActiveCfg = Release|Win32
		{503742FF-F31C-46FF-9E15-E3DFD0857272}.MinSizeRel|Win32.Build.0 = Release|Win32
		{503742FF-F31C-46FF-9E15-E3DFD0857272}.MinSizeRel|x64.ActiveCfg = Release|Win32
		{503742FF-F31C-46FF-9E15-E3DFD0857272}.Release Unicode|Win32.ActiveCfg = Release|Win32
		{503742FF-F31C-46FF-9E15-E3DFD0857272}.Release Unicode|Win32.Build.0 = Release|Win32
		{503742FF-F31C-46FF-9E15-E3DFD0857272}.Release Unicode|x64.ActiveCfg = Release|Win32
		{503742FF-F31C-46FF-9E15-E3DFD0857272}.Release|Win32.ActiveCfg = Release|Win32
		{503742FF-F31C-46FF-9E15-E3DFD0857272}.Release|Win32.Build.0 = Release|Win32
		{503742FF-F31C-46FF-9E15-E3DFD0857272}.Release|x64.ActiveCfg = Release|Win32
		{503742FF-F31C-46FF-9E15-E3DFD0857272}.RelWithDebInfo|Win32.ActiveCfg = Release|Win32
		{503742FF-F31C-46FF-9E15-E3DFD0857272}.RelWithDebInfo|Win32.Build.0 = Release|Win32
		{503742FF-F31C-46FF-9E15-E3DFD0857272}.RelWithDebInfo|x64.ActiveCfg = Release|Win32
		{503742FF-F31C-46FF-9E15-E3DFD0857272}.Template|Win32.ActiveCfg = Release|Win32
		{503742FF-F31C-46FF-9E15-E3DFD0857272}.Template|Win32.Build.0 = Release|Win32
		{503742FF-F31C-46FF-9E15-E3DFD0857272}.Template|x64.ActiveCfg = Release|Win32
		{C04B33C6-413D-42F3-B5B0-BFBFB60089CD}.Debug Unicode|Win32.ActiveCfg = Debug|Win32
		{C04B33C6-413D-42F3-B5B0-BFBFB60089CD}.Debug Unicode|Win32.Build.0 = Debug|Win32
		{C04B33C6-413D-42F3-B5B0-BFBFB60089CD}.Debug Unicode|x64.ActiveCfg = Debug|Win32
		{C04B33C6-413D-42F3-B5B0-BFBFB60089CD}.Debug|Win32.ActiveCfg = Debug|Win32
		{C04B33C6-413D-42F3-B5B0-BFBFB60089CD}.Debug|Win32.Build.0 = Debug|Win32
		{C04B33C6-413D-42F3-B5B0-BFBFB60089CD}.Debug|x64.ActiveCfg = Debug|Win32
		{C04B33C6-413D-42F3-B5B0-BFBFB60089CD}.MinSizeRel|Win32.ActiveCfg = Debug|Win32
		{C04B33C6-413D-42F3-B5B0-BFBFB60089CD}.MinSizeRel|Win32.Build.0 = Debug|Win32
		{C04B33C6-413D-42F3-B5B0-BFBFB60089CD}.MinSizeRel|x64.ActiveCfg = Release|Win32
		{C04B33C6-413D-42F3-B5B0-BFBFB60089CD}.Release Unicode|Win32.ActiveCfg = Release|Win32
		{C04B33C6-413D-42F3-B5B0-BFBFB60089CD}.Release Unicode|Win32.Build.0 = Release|Win32
		{C04B33C6-413D-42F3-B5B0-BFBFB60089CD}.Release Unicode|x64.ActiveCfg = Release|Win32
		{C04B33C6-413D-42F3-B5B0-BFBFB60089CD}.Release|Win32.ActiveCfg = Release|Win32
		{C04B33C6-413D-42F3-B5B0-BFBFB60089CD}.Release|Win32.Build.0 = Release|Win32
		{C04B33C6-413D-42F3-B5B0-BFBFB60089CD}.Release|x64.ActiveCfg = Release|Win32
		{C04B33C6-413D-42F3-B5B0-BFBFB60089CD}.RelWithDebInfo|Win32.ActiveCfg = Release|Win32
		{C04B33C6-413D-42F3-B5B0-BFBFB60089CD}.RelWithDebInfo|Win32.Build.0 = Release|Win32
		{C04B33C6-413D-42F3-B5B0-BFBFB60089CD}.RelWithDebInfo|x64.ActiveCfg = Release|Win32
		{C04B33C6-413D-42F3-B5B0-BFBFB60089CD}.Template|Win32.ActiveCfg = Release|Win32
		{C04B33C6-413D-42F3-B5B0-BFBFB60089CD}.Template|Win32.Build.0 = Release|Win32
		{C04B33C6-413D-42F3-B5B0-BFBFB60089CD}.Template|x64.ActiveCfg = Release|Win32
		{334BC8AF-0C4F-4C1C-9055-C9BE4243BC21}.Debug Unicode|Win32.ActiveCfg = Debug|Win32
		{334BC8AF-0C4F-4C1C-9055-C9BE4243BC21}.Debug Unicode|Win32.Build.0 = Debug|Win32
		{334BC8AF-0C4F-4C1C-9055-C9BE4243BC21}.Debug Unicode|x64.ActiveCfg = Debug|Win32
		{334BC8AF-0C4F-4C1C-9055-C9BE4243BC21}.Debug|Win32.ActiveCfg = Debug|Win32
		{334BC8AF-0C4F-4C1C-9055-C9BE4243BC21}.Debug|Win32.Build.0 = Debug|Win32
		{334BC8AF-0C4F-4C1C-9055-C9BE4243BC21}.Debug|x64.ActiveCfg = Debug|Win32
		{334BC8AF-0C4F-4C1C-9055-C9BE4243BC21}.MinSizeRel|Win32.ActiveCfg = Release|Win32
		{334BC8AF-0C4F-4C1C-9055-C9BE4243BC21}.MinSizeRel|Win32.Build.0 = Release|Win32
		{334BC8AF-0C4F-4C1C-9055-C9BE4243BC21}.MinSizeRel|x64.ActiveCfg = Release|Win32
		{334BC8AF-0C4F-4C1C-9055-C9BE4243BC21}.Release Unicode|Win32.ActiveCfg = Release|Win32
		{334BC8AF-0C4F-4C1C-9055-C9BE4243BC21}.Release Unicode|Win32.Build.0 = Release|Win32
		{334BC8AF-0C4F-4C1C-9055-C9BE4243BC21}.Release Unicode|x64.ActiveCfg = Release|Win32
		{334BC8AF-0C4F-4C1C-9055-C9BE4243BC21}.Release|Win32.ActiveCfg = Release|Win32
		{334BC8AF-0C4F-4C1C-9055-C9BE4243BC21}.Release|Win32.Build.0 = Release|Win32
		{334BC8AF-0C4F-4C1C-9055-C9BE4243BC21}.Release|x64.ActiveCfg = Release|Win32
		{334BC8AF-0C4F-4C1C-9055-C9BE4243BC21}.RelWithDebInfo|Win32.ActiveCfg = Release|Win32
		{334BC8AF-0C4F-4C1C-9055-C9BE4243BC21}.RelWithDebInfo|Win32.Build.0 = Release|Win32
		{334BC8AF-0C4F-4C1C-9055-C9BE4243BC21}.RelWithDebInfo|x64.ActiveCfg = Release|Win32
		{334BC8AF-0C4F-4C1C-9055-C9BE4243BC21}.Template|Win32.ActiveCfg = Release|Win32
		{334BC8AF-0C4F-4C1C-9055-C9BE4243BC21}.Template|Win32.Build.0 = Release|Win32
		{334BC8AF-0C4F-4C1C-9055-C9BE4243BC21}.Template|x64.ActiveCfg = Release|Win32
		{DDC2F197-1E7E-45D7-BA43-A28FB946F638}.Debug Unicode|Win32.ActiveCfg = Debug|Win32
		{DDC2F197-1E7E-45D7-BA43-A28FB946F638}.Debug Unicode|Win32.Build.0 = Debug|Win32
		{DDC2F197-1E7E-45D7-BA43-A28FB946F638}.Debug Unicode|x64.ActiveCfg = Debug|Win32
		{DDC2F197-1E7E-45D7-BA43-A28FB946F638}.Debug|Win32.ActiveCfg = Debug|Win32
		{DDC2F197-1E7E-45D7-BA43-A28FB946F638}.Debug|Win32.Build.0 = Debug|Win32
		{DDC2F197-1E7E-45D7-BA43-A28FB946F638}.Debug|x64.ActiveCfg = Debug|Win32
		{DDC2F197-1E7E-45D7-BA43-A28FB946F638}.MinSizeRel|Win32.ActiveCfg = Release|Win32
		{DDC2F197-1E7E-45D7-BA43-A28FB946F638}.MinSizeRel|Win32.Build.0 = Release|Win32
		{DDC2F197-1E7E-45D7-BA43-A28FB946F638}.MinSizeRel|x64.ActiveCfg = Release|Win32
		{DDC2F197-1E7E-45D7-BA43-A28FB946F638}.Release Unicode|Win32.ActiveCfg = Release|Win32
		{DDC2F197-1E7E-45D7-BA43-A28FB946F638}.Release Unicode|Win32.Build.0 = Release|Win32
		{DDC2F197-1E7E-45D7-BA43-A28FB946F638}.Release Unicode|x64.ActiveCfg = Release|Win32
		{DDC2F197-1E7E-45D7-BA43-A28FB946F638}.Release|Win32.ActiveCfg = Release|Win32
		{DDC2F197-1E7E-45D7-BA43-A28FB946F638}.Release|Win32.Build.0 = Release|Win32
		{DDC2F197-1E7E-45D7-BA43-A28FB946F638}.Release|x64.ActiveCfg = Release|Win32
		{DDC2F197-1E7E-45D7-BA43-A28FB946F638}.RelWithDebInfo|Win32.ActiveCfg = Release|Win32
		{DDC2F197-1E7E-45D7-BA43-A28FB946F638}.RelWithDebInfo|Win32.Build.0 = Release|Win32
		{DDC2F197-1E7E-45D7-BA43-A28FB946F638}.RelWithDebInfo|x64.ActiveCfg = Release|Win32
		{DDC2F197-1E7E-45D7-BA43-A28FB946F638}.Template|Win32.ActiveCfg = Release|Win32
		{DDC2F197-1E7E-45D7-BA43-A28FB946F638}.Template|Win32.Build.0 = Release|Win32
		{DDC2F197-1E7E-45D7-BA43-A28FB946F638}.Template|x64.ActiveCfg = Release|Win32
		{FC1E3CF8-78B5-4AC9-B0DE-E0FCEFD83AB1}.Debug Unicode|Win32.ActiveCfg = Debug|Win32
		{FC1E3CF8-78B5-4AC9-B0DE-E0FCEFD83AB1}.Debug Unicode|Win32.Build.0 = Debug|Win32
		{FC1E3CF8-78B5-4AC9-B0DE-E0FCEFD83AB1}.Debug Unicode|x64.ActiveCfg = Debug|Win32
		{FC1E3CF8-78B5-4AC9-B0DE-E0FCEFD83AB1}.Debug|Win32.ActiveCfg = Debug|Win32
		{FC1E3CF8-78B5-4AC9-B0DE-E0FCEFD83AB1}.Debug|Win32.Build.0 = Debug|Win32
		{FC1E3CF8-78B5-4AC9-B0DE-E0FCEFD83AB1}.Debug|x64.ActiveCfg = Debug|Win32
		{FC1E3CF8-78B5-4AC9-B0DE-E0FCEFD83AB1}.MinSizeRel|Win32.ActiveCfg = Release_IppDll|Win32
		{FC1E3CF8-78B5-4AC9-B0DE-E0FCEFD83AB1}.MinSizeRel|Win32.Build.0 = Release_IppDll|Win32
		{FC1E3CF8-78B5-4AC9-B0DE-E0FCEFD83AB1}.MinSizeRel|x64.ActiveCfg = Release|Win32
		{FC1E3CF8-78B5-4AC9-B0DE-E0FCEFD83AB1}.Release Unicode|Win32.ActiveCfg = Release|Win32
		{FC1E3CF8-78B5-4AC9-B0DE-E0FCEFD83AB1}.Release Unicode|Win32.Build.0 = Release|Win32
		{FC1E3CF8-78B5-4AC9-B0DE-E0FCEFD83AB1}.Release Unicode|x64.ActiveCfg = Release|Win32
		{FC1E3CF8-78B5-4AC9-B0DE-E0FCEFD83AB1}.Release|Win32.ActiveCfg = Release|Win32
		{FC1E3CF8-78B5-4AC9-B0DE-E0FCEFD83AB1}.Release|Win32.Build.0 = Release|Win32
		{FC1E3CF8-78B5-4AC9-B0DE-E0FCEFD83AB1}.Release|x64.ActiveCfg = Release|Win32
		{FC1E3CF8-78B5-4AC9-B0DE-E0FCEFD83AB1}.RelWithDebInfo|Win32.ActiveCfg = Release_IppDll|Win32
		{FC1E3CF8-78B5-4AC9-B0DE-E0FCEFD83AB1}.RelWithDebInfo|Win32.Build.0 = Release_IppDll|Win32
		{FC1E3CF8-78B5-4AC9-B0DE-E0FCEFD83AB1}.RelWithDebInfo|x64.ActiveCfg = Release|Win32
		{FC1E3CF8-78B5-4AC9-B0DE-E0FCEFD83AB1}.Template|Win32.ActiveCfg = Release|Win32
		{FC1E3CF8-78B5-4AC9-B0DE-E0FCEFD83AB1}.Template|Win32.Build.0 = Release|Win32
		{FC1E3CF8-78B5-4AC9-B0DE-E0FCEFD83AB1}.Template|x64.ActiveCfg = Release|Win32
		{CED7D3CA-61BE-42B8-AA04-C93CF293F9D5}.Debug Unicode|Win32.ActiveCfg = Debug|Win32
		{CED7D3CA-61BE-42B8-AA04-C93CF293F9D5}.Debug Unicode|Win32.Build.0 = Debug|Win32
		{CED7D3CA-61BE-42B8-AA04-C93CF293F9D5}.Debug Unicode|x64.ActiveCfg = Debug|Win32
		{CED7D3CA-61BE-42B8-AA04-C93CF293F9D5}.Debug|Win32.ActiveCfg = Debug|Win32
		{CED7D3CA-61BE-42B8-AA04-C93CF293F9D5}.Debug|Win32.Build.0 = Debug|Win32
		{CED7D3CA-61BE-42B8-AA04-C93CF293F9D5}.Debug|x64.ActiveCfg = Debug|Win32
		{CED7D3CA-61BE-42B8-AA04-C93CF293F9D5}.MinSizeRel|Win32.ActiveCfg = Release|Win32
		{CED7D3CA-61BE-42B8-AA04-C93CF293F9D5}.MinSizeRel|Win32.Build.0 = Release|Win32
		{CED7D3CA-61BE-42B8-AA04-C93CF293F9D5}.MinSizeRel|x64.ActiveCfg = Release|Win32
		{CED7D3CA-61BE-42B8-AA04-C93CF293F9D5}.Release Unicode|Win32.ActiveCfg = Release|Win32
		{CED7D3CA-61BE-42B8-AA04-C93CF293F9D5}.Release Unicode|Win32.Build.0 = Release|Win32
		{CED7D3CA-61BE-42B8-AA04-C93CF293F9D5}.Release Unicode|x64.ActiveCfg = Release|Win32
		{CED7D3CA-61BE-42B8-AA04-C93CF293F9D5}.Release|Win32.ActiveCfg = Release|Win32
		{CED7D3CA-61BE-42B8-AA04-C93CF293F9D5}.Release|Win32.Build.0 = Release|Win32
		{CED7D3CA-61BE-42B8-AA04-C93CF293F9D5}.Release|x64.ActiveCfg = Release|Win32
		{CED7D3CA-61BE-42B8-AA04-C93CF293F9D5}.RelWithDebInfo|Win32.ActiveCfg = Release|Win32
		{CED7D3CA-61BE-42B8-AA04-C93CF293F9D5}.RelWithDebInfo|Win32.Build.0 = Release|Win32
		{CED7D3CA-61BE-42B8-AA04-C93CF293F9D5}.RelWithDebInfo|x64.ActiveCfg = Release|Win32
		{CED7D3CA-61BE-42B8-AA04-C93CF293F9D5}.Template|Win32.ActiveCfg = Release|Win32
		{CED7D3CA-61BE-42B8-AA04-C93CF293F9D5}.Template|Win32.Build.0 = Release|Win32
		{CED7D3CA-61BE-42B8-AA04-C93CF293F9D5}.Template|x64.ActiveCfg = Release|Win32
		{3BBF9FAD-767E-4FD2-BA7D-351352C067A9}.Debug Unicode|Win32.ActiveCfg = Debug|Win32
		{3BBF9FAD-767E-4FD2-BA7D-351352C067A9}.Debug Unicode|Win32.Build.0 = Debug|Win32
		{3BBF9FAD-767E-4FD2-BA7D-351352C067A9}.Debug Unicode|x64.ActiveCfg = Debug|Win32
		{3BBF9FAD-767E-4FD2-BA7D-351352C067A9}.Debug|Win32.ActiveCfg = Debug|Win32
		{3BBF9FAD-767E-4FD2-BA7D-351352C067A9}.Debug|Win32.Build.0 = Debug|Win32
		{3BBF9FAD-767E-4FD2-BA7D-351352C067A9}.Debug|x64.ActiveCfg = Debug|Win32
		{3BBF9FAD-767E-4FD2-BA7D-351352C067A9}.MinSizeRel|Win32.ActiveCfg = Release|Win32
		{3BBF9FAD-767E-4FD2-BA7D-351352C067A9}.MinSizeRel|Win32.Build.0 = Release|Win32
		{3BBF9FAD-767E-4FD2-BA7D-351352C067A9}.MinSizeRel|x64.ActiveCfg = Release|Win32
		{3BBF9FAD-767E-4FD2-BA7D-351352C067A9}.Release Unicode|Win32.ActiveCfg = Release|Win32
		{3BBF9FAD-767E-4FD2-BA7D-351352C067A9}.Release Unicode|Win32.Build.0 = Release|Win32
		{3BBF9FAD-767E-4FD2-BA7D-351352C067A9}.Release Unicode|x64.ActiveCfg = Release|Win32
		{3BBF9FAD-767E-4FD2-BA7D-351352C067A9}.Release|Win32.ActiveCfg = Release|Win32
		{3BBF9FAD-767E-4FD2-BA7D-351352C067A9}.Release|Win32.Build.0 = Release|Win32
		{3BBF9FAD-767E-4FD2-BA7D-351352C067A9}.Release|x64.ActiveCfg = Release|Win32
		{3BBF9FAD-767E-4FD2-BA7D-351352C067A9}.RelWithDebInfo|Win32.ActiveCfg = Release|Win32
		{3BBF9FAD-767E-4FD2-BA7D-351352C067A9}.RelWithDebInfo|Win32.Build.0 = Release|Win32
		{3BBF9FAD-767E-4FD2-BA7D-351352C067A9}.RelWithDebInfo|x64.ActiveCfg = Release|Win32
		{3BBF9FAD-767E-4FD2-BA7D-351352C067A9}.Template|Win32.ActiveCfg = Release|Win32
		{3BBF9FAD-767E-4FD2-BA7D-351352C067A9}.Template|Win32.Build.0 = Release|Win32
		{3BBF9FAD-767E-4FD2-BA7D-351352C067A9}.Template|x64.ActiveCfg = Release|Win32
		{37BE7523-5C12-45E8-AA67-F78E4F59D976}.Debug Unicode|Win32.ActiveCfg = Debug|Win32
		{37BE7523-5C12-45E8-AA67-F78E4F59D976}.Debug Unicode|Win32.Build.0 = Debug|Win32
		{37BE7523-5C12-45E8-AA67-F78E4F59D976}.Debug Unicode|x64.ActiveCfg = Debug|Win32
		{37BE7523-5C12-45E8-AA67-F78E4F59D976}.Debug|Win32.ActiveCfg = Debug|Win32
		{37BE7523-5C12-45E8-AA67-F78E4F59D976}.Debug|Win32.Build.0 = Debug|Win32
		{37BE7523-5C12-45E8-AA67-F78E4F59D976}.Debug|x64.ActiveCfg = Debug|Win32
		{37BE7523-5C12-45E8-AA67-F78E4F59D976}.MinSizeRel|Win32.ActiveCfg = Release|Win32
		{37BE7523-5C12-45E8-AA67-F78E4F59D976}.MinSizeRel|Win32.Build.0 = Release|Win32
		{37BE7523-5C12-45E8-AA67-F78E4F59D976}.MinSizeRel|x64.ActiveCfg = Release|Win32
		{37BE7523-5C12-45E8-AA67-F78E4F59D976}.Release Unicode|Win32.ActiveCfg = Release|Win32
		{37BE7523-5C12-45E8-AA67-F78E4F59D976}.Release Unicode|Win32.Build.0 = Release|Win32
		{37BE7523-5C12-45E8-AA67-F78E4F59D976}.Release Unicode|x64.ActiveCfg = Release|Win32
		{37BE7523-5C12-45E8-AA67-F78E4F59D976}.Release|Win32.ActiveCfg = Release|Win32
		{37BE7523-5C12-45E8-AA67-F78E4F59D976}.Release|Win32.Build.0 = Release|Win32
		{37BE7523-5C12-45E8-AA67-F78E4F59D976}.Release|x64.ActiveCfg = Release|Win32
		{37BE7523-5C12-45E8-AA67-F78E4F59D976}.RelWithDebInfo|Win32.ActiveCfg = Release|Win32
		{37BE7523-5C12-45E8-AA67-F78E4F59D976}.RelWithDebInfo|Win32.Build.0 = Release|Win32
		{37BE7523-5C12-45E8-AA67-F78E4F59D976}.RelWithDebInfo|x64.ActiveCfg = Release|Win32
		{37BE7523-5C12-45E8-AA67-F78E4F59D976}.Template|Win32.ActiveCfg = Release|Win32
		{37BE7523-5C12-45E8-AA67-F78E4F59D976}.Template|Win32.Build.0 = Release|Win32
		{37BE7523-5C12-45E8-AA67-F78E4F59D976}.Template|x64.ActiveCfg = Release|Win32
		{E982C1B3-88CD-459B-A928-DAEA7D951B77}.Debug Unicode|Win32.ActiveCfg = Debug|Win32
		{E982C1B3-88CD-459B-A928-DAEA7D951B77}.Debug Unicode|Win32.Build.0 = Debug|Win32
		{E982C1B3-88CD-459B-A928-DAEA7D951B77}.Debug Unicode|x64.ActiveCfg = Debug|Win32
		{E982C1B3-88CD-459B-A928-DAEA7D951B77}.Debug|Win32.ActiveCfg = Debug|Win32
		{E982C1B3-88CD-459B-A928-DAEA7D951B77}.Debug|Win32.Build.0 = Debug|Win32
		{E982C1B3-88CD-459B-A928-DAEA7D951B77}.Debug|x64.ActiveCfg = Debug|Win32
		{E982C1B3-88CD-459B-A928-DAEA7D951B77}.MinSizeRel|Win32.ActiveCfg = Release|Win32
		{E982C1B3-88CD-459B-A928-DAEA7D951B77}.MinSizeRel|Win32.Build.0 = Release|Win32
		{E982C1B3-88CD-459B-A928-DAEA7D951B77}.MinSizeRel|x64.ActiveCfg = Release|Win32
		{E982C1B3-88CD-459B-A928-DAEA7D951B77}.Release Unicode|Win32.ActiveCfg = Release|Win32
		{E982C1B3-88CD-459B-A928-DAEA7D951B77}.Release Unicode|Win32.Build.0 = Release|Win32
		{E982C1B3-88CD-459B-A928-DAEA7D951B77}.Release Unicode|x64.ActiveCfg = Release|Win32
		{E982C1B3-88CD-459B-A928-DAEA7D951B77}.Release|Win32.ActiveCfg = Release|Win32
		{E982C1B3-88CD-459B-A928-DAEA7D951B77}.Release|Win32.Build.0 = Release|Win32
		{E982C1B3-88CD-459B-A928-DAEA7D951B77}.Release|x64.ActiveCfg = Release|Win32
		{E982C1B3-88CD-459B-A928-DAEA7D951B77}.RelWithDebInfo|Win32.ActiveCfg = Release|Win32
		{E982C1B3-88CD-459B-A928-DAEA7D951B77}.RelWithDebInfo|Win32.Build.0 = Release|Win32
		{E982C1B3-88CD-459B-A928-DAEA7D951B77}.RelWithDebInfo|x64.ActiveCfg = Release|Win32
		{E982C1B3-88CD-459B-A928-DAEA7D951B77}.Template|Win32.ActiveCfg = Release|Win32
		{E982C1B3-88CD-459B-A928-DAEA7D951B77}.Template|Win32.Build.0 = Release|Win32
		{E982C1B3-88CD-459B-A928-DAEA7D951B77}.Template|x64.ActiveCfg = Release|Win32
		{9FD29FC6-311A-4661-9625-E1929EA4FE77}.Debug Unicode|Win32.ActiveCfg = Debug|Win32
		{9FD29FC6-311A-4661-9625-E1929EA4FE77}.Debug Unicode|Win32.Build.0 = Debug|Win32
		{9FD29FC6-311A-4661-9625-E1929EA4FE77}.Debug Unicode|x64.ActiveCfg = Debug|Win32
		{9FD29FC6-311A-4661-9625-E1929EA4FE77}.Debug|Win32.ActiveCfg = Debug|Win32
		{9FD29FC6-311A-4661-9625-E1929EA4FE77}.Debug|Win32.Build.0 = Debug|Win32
		{9FD29FC6-311A-4661-9625-E1929EA4FE77}.Debug|x64.ActiveCfg = Debug|Win32
		{9FD29FC6-311A-4661-9625-E1929EA4FE77}.MinSizeRel|Win32.ActiveCfg = Release|Win32
		{9FD29FC6-311A-4661-9625-E1929EA4FE77}.MinSizeRel|Win32.Build.0 = Release|Win32
		{9FD29FC6-311A-4661-9625-E1929EA4FE77}.MinSizeRel|x64.ActiveCfg = Release|Win32
		{9FD29FC6-311A-4661-9625-E1929EA4FE77}.Release Unicode|Win32.ActiveCfg = Release|Win32
		{9FD29FC6-311A-4661-9625-E1929EA4FE77}.Release Unicode|Win32.Build.0 = Release|Win32
		{9FD29FC6-311A-4661-9625-E1929EA4FE77}.Release Unicode|x64.ActiveCfg = Release|Win32
		{9FD29FC6-311A-4661-9625-E1929EA4FE77}.Release|Win32.ActiveCfg = Release|Win32
		{9FD29FC6-311A-4661-9625-E1929EA4FE77}.Release|Win32.Build.0 = Release|Win32
		{9FD29FC6-311A-4661-9625-E1929EA4FE77}.Release|x64.ActiveCfg = Release|Win32
		{9FD29FC6-311A-4661-9625-E1929EA4FE77}.RelWithDebInfo|Win32.ActiveCfg = Release|Win32
		{9FD29FC6-311A-4661-9625-E1929EA4FE77}.RelWithDebInfo|Win32.Build.0 = Release|Win32
		{9FD29FC6-311A-4661-9625-E1929EA4FE77}.RelWithDebInfo|x64.ActiveCfg = Release|Win32
		{9FD29FC6-311A-4661-9625-E1929EA4FE77}.Template|Win32.ActiveCfg = Release|Win32
		{9FD29FC6-311A-4661-9625-E1929EA4FE77}.Template|Win32.Build.0 = Release|Win32
		{9FD29FC6-311A-4661-9625-E1929EA4FE77}.Template|x64.ActiveCfg = Release|Win32
		{4C19C347-405C-4713-961F-02BF0F1003C6}.Debug Unicode|Win32.ActiveCfg = Debug|Win32
		{4C19C347-405C-4713-961F-02BF0F1003C6}.Debug Unicode|Win32.Build.0 = Debug|Win32
		{4C19C347-405C-4713-961F-02BF0F1003C6}.Debug Unicode|x64.ActiveCfg = Debug|Win32
		{4C19C347-405C-4713-961F-02BF0F1003C6}.Debug|Win32.ActiveCfg = Debug|Win32
		{4C19C347-405C-4713-961F-02BF0F1003C6}.Debug|Win32.Build.0 = Debug|Win32
		{4C19C347-405C-4713-961F-02BF0F1003C6}.Debug|x64.ActiveCfg = Debug|Win32
		{4C19C347-405C-4713-961F-02BF0F1003C6}.MinSizeRel|Win32.ActiveCfg = Release|Win32
		{4C19C347-405C-4713-961F-02BF0F1003C6}.MinSizeRel|Win32.Build.0 = Release|Win32
		{4C19C347-405C-4713-961F-02BF0F1003C6}.MinSizeRel|x64.ActiveCfg = Release|Win32
		{4C19C347-405C-4713-961F-02BF0F1003C6}.Release Unicode|Win32.ActiveCfg = Release|Win32
		{4C19C347-405C-4713-961F-02BF0F1003C6}.Release Unicode|Win32.Build.0 = Release|Win32
		{4C19C347-405C-4713-961F-02BF0F1003C6}.Release Unicode|x64.ActiveCfg = Release|Win32
		{4C19C347-405C-4713-961F-02BF0F1003C6}.Release|Win32.ActiveCfg = Release|Win32
		{4C19C347-405C-4713-961F-02BF0F1003C6}.Release|Win32.Build.0 = Release|Win32
		{4C19C347-405C-4713-961F-02BF0F1003C6}.Release|x64.ActiveCfg = Release|Win32
		{4C19C347-405C-4713-961F-02BF0F1003C6}.RelWithDebInfo|Win32.ActiveCfg = Release|Win32
		{4C19C347-405C-4713-961F-02BF0F1003C6}.RelWithDebInfo|Win32.Build.0 = Release|Win32
		{4C19C347-405C-4713-961F-02BF0F1003C6}.RelWithDebInfo|x64.ActiveCfg = Release|Win32
		{4C19C347-405C-4713-961F-02BF0F1003C6}.Template|Win32.ActiveCfg = Release|Win32
		{4C19C347-405C-4713-961F-02BF0F1003C6}.Template|Win32.Build.0 = Release|Win32
		{4C19C347-405C-4713-961F-02BF0F1003C6}.Template|x64.ActiveCfg = Release|Win32
		{CA034884-0B92-4E4F-9189-F29113ACE8B7}.Debug Unicode|Win32.ActiveCfg = Debug|Win32
		{CA034884-0B92-4E4F-9189-F29113ACE8B7}.Debug Unicode|Win32.Build.0 = Debug|Win32
		{CA034884-0B92-4E4F-9189-F29113ACE8B7}.Debug Unicode|x64.ActiveCfg = Debug|Win32
		{CA034884-0B92-4E4F-9189-F29113ACE8B7}.Debug|Win32.ActiveCfg = Debug|Win32
		{CA034884-0B92-4E4F-9189-F29113ACE8B7}.Debug|Win32.Build.0 = Debug|Win32
		{CA034884-0B92-4E4F-9189-F29113ACE8B7}.Debug|x64.ActiveCfg = Debug|Win32
		{CA034884-0B92-4E4F-9189-F29113ACE8B7}.MinSizeRel|Win32.ActiveCfg = Release|Win32
		{CA034884-0B92-4E4F-9189-F29113ACE8B7}.MinSizeRel|Win32.Build.0 = Release|Win32
		{CA034884-0B92-4E4F-9189-F29113ACE8B7}.MinSizeRel|x64.ActiveCfg = Release|Win32
		{CA034884-0B92-4E4F-9189-F29113ACE8B7}.Release Unicode|Win32.ActiveCfg = Release|Win32
		{CA034884-0B92-4E4F-9189-F29113ACE8B7}.Release Unicode|Win32.Build.0 = Release|Win32
		{CA034884-0B92-4E4F-9189-F29113ACE8B7}.Release Unicode|x64.ActiveCfg = Release|Win32
		{CA034884-0B92-4E4F-9189-F29113ACE8B7}.Release|Win32.ActiveCfg = Release|Win32
		{CA034884-0B92-4E4F-9189-F29113ACE8B7}.Release|Win32.Build.0 = Release|Win32
		{CA034884-0B92-4E4F-9189-F29113ACE8B7}.Release|x64.ActiveCfg = Release|Win32
		{CA034884-0B92-4E4F-9189-F29113ACE8B7}.RelWithDebInfo|Win32.ActiveCfg = Release|Win32
		{CA034884-0B92-4E4F-9189-F29113ACE8B7}.RelWithDebInfo|Win32.Build.0 = Release|Win32
		{CA034884-0B92-4E4F-9189-F29113ACE8B7}.RelWithDebInfo|x64.ActiveCfg = Release|Win32
		{CA034884-0B92-4E4F-9189-F29113ACE8B7}.Template|Win32.ActiveCfg = Release|Win32
		{CA034884-0B92-4E4F-9189-F29113ACE8B7}.Template|Win32.Build.0 = Release|Win32
		{CA034884-0B92-4E4F-9189-F29113ACE8B7}.Template|x64.ActiveCfg = Release|Win32
		{5C3F2CA1-D870-4863-B94D-4E048174EC8B}.Debug Unicode|Win32.ActiveCfg = Debug|Win32
		{5C3F2CA1-D870-4863-B94D-4E048174EC8B}.Debug Unicode|Win32.Build.0 = Debug|Win32
		{5C3F2CA1-D870-4863-B94D-4E048174EC8B}.Debug Unicode|x64.ActiveCfg = Debug|Win32
		{5C3F2CA1-D870-4863-B94D-4E048174EC8B}.Debug|Win32.ActiveCfg = Debug|Win32
		{5C3F2CA1-D870-4863-B94D-4E048174EC8B}.Debug|Win32.Build.0 = Debug|Win32
		{5C3F2CA1-D870-4863-B94D-4E048174EC8B}.Debug|x64.ActiveCfg = Debug|Win32
		{5C3F2CA1-D870-4863-B94D-4E048174EC8B}.MinSizeRel|Win32.ActiveCfg = Release|Win32
		{5C3F2CA1-D870-4863-B94D-4E048174EC8B}.MinSizeRel|Win32.Build.0 = Release|Win32
		{5C3F2CA1-D870-4863-B94D-4E048174EC8B}.MinSizeRel|x64.ActiveCfg = Template|Win32
		{5C3F2CA1-D870-4863-B94D-4E048174EC8B}.Release Unicode|Win32.ActiveCfg = Release|Win32
		{5C3F2CA1-D870-4863-B94D-4E048174EC8B}.Release Unicode|Win32.Build.0 = Release|Win32
		{5C3F2CA1-D870-4863-B94D-4E048174EC8B}.Release Unicode|x64.ActiveCfg = Release|Win32
		{5C3F2CA1-D870-4863-B94D-4E048174EC8B}.Release|Win32.ActiveCfg = Release|Win32
		{5C3F2CA1-D870-4863-B94D-4E048174EC8B}.Release|Win32.Build.0 = Release|Win32
		{5C3F2CA1-D870-4863-B94D-4E048174EC8B}.Release|x64.ActiveCfg = Release|Win32
		{5C3F2CA1-D870-4863-B94D-4E048174EC8B}.RelWithDebInfo|Win32.ActiveCfg = Release|Win32
		{5C3F2CA1-D870-4863-B94D-4E048174EC8B}.RelWithDebInfo|Win32.Build.0 = Release|Win32
		{5C3F2CA1-D870-4863-B94D-4E048174EC8B}.RelWithDebInfo|x64.ActiveCfg = Release|Win32
		{5C3F2CA1-D870-4863-B94D-4E048174EC8B}.Template|Win32.ActiveCfg = Template|Win32
		{5C3F2CA1-D870-4863-B94D-4E048174EC8B}.Template|Win32.Build.0 = Template|Win32
		{5C3F2CA1-D870-4863-B94D-4E048174EC8B}.Template|x64.ActiveCfg = Template|Win32
		{354DF112-1294-45E1-BFE1-516E98D5B7D4}.Debug Unicode|Win32.ActiveCfg = Debug|Win32
		{354DF112-1294-45E1-BFE1-516E98D5B7D4}.Debug Unicode|Win32.Build.0 = Debug|Win32
		{354DF112-1294-45E1-BFE1-516E98D5B7D4}.Debug Unicode|x64.ActiveCfg = Debug|Win32
		{354DF112-1294-45E1-BFE1-516E98D5B7D4}.Debug|Win32.ActiveCfg = Debug|Win32
		{354DF112-1294-45E1-BFE1-516E98D5B7D4}.Debug|Win32.Build.0 = Debug|Win32
		{354DF112-1294-45E1-BFE1-516E98D5B7D4}.Debug|x64.ActiveCfg = Debug|Win32
		{354DF112-1294-45E1-BFE1-516E98D5B7D4}.MinSizeRel|Win32.ActiveCfg = Release|Win32
		{354DF112-1294-45E1-BFE1-516E98D5B7D4}.MinSizeRel|Win32.Build.0 = Release|Win32
		{354DF112-1294-45E1-BFE1-516E98D5B7D4}.MinSizeRel|x64.ActiveCfg = Release|Win32
		{354DF112-1294-45E1-BFE1-516E98D5B7D4}.Release Unicode|Win32.ActiveCfg = Release|Win32
		{354DF112-1294-45E1-BFE1-516E98D5B7D4}.Release Unicode|Win32.Build.0 = Release|Win32
		{354DF112-1294-45E1-BFE1-516E98D5B7D4}.Release Unicode|x64.ActiveCfg = Release|Win32
		{354DF112-1294-45E1-BFE1-516E98D5B7D4}.Release|Win32.ActiveCfg = Release|Win32
		{354DF112-1294-45E1-BFE1-516E98D5B7D4}.Release|Win32.Build.0 = Release|Win32
		{354DF112-1294-45E1-BFE1-516E98D5B7D4}.Release|x64.ActiveCfg = Release|Win32
		{354DF112-1294-45E1-BFE1-516E98D5B7D4}.RelWithDebInfo|Win32.ActiveCfg = Release|Win32
		{354DF112-1294-45E1-BFE1-516E98D5B7D4}.RelWithDebInfo|Win32.Build.0 = Release|Win32
		{354DF112-1294-45E1-BFE1-516E98D5B7D4}.RelWithDebInfo|x64.ActiveCfg = Release|Win32
		{354DF112-1294-45E1-BFE1-516E98D5B7D4}.Template|Win32.ActiveCfg = Release|Win32
		{354DF112-1294-45E1-BFE1-516E98D5B7D4}.Template|Win32.Build.0 = Release|Win32
		{354DF112-1294-45E1-BFE1-516E98D5B7D4}.Template|x64.ActiveCfg = Release|Win32
		{4BEE6DEE-E47D-4987-A22D-53943FC77B6A}.Debug Unicode|Win32.ActiveCfg = Debug|Win32
		{4BEE6DEE-E47D-4987-A22D-53943FC77B6A}.Debug Unicode|Win32.Build.0 = Debug|Win32
		{4BEE6DEE-E47D-4987-A22D-53943FC77B6A}.Debug Unicode|x64.ActiveCfg = Debug|Win32
		{4BEE6DEE-E47D-4987-A22D-53943FC77B6A}.Debug|Win32.ActiveCfg = Debug|Win32
		{4BEE6DEE-E47D-4987-A22D-53943FC77B6A}.Debug|Win32.Build.0 = Debug|Win32
		{4BEE6DEE-E47D-4987-A22D-53943FC77B6A}.Debug|x64.ActiveCfg = Debug|Win32
		{4BEE6DEE-E47D-4987-A22D-53943FC77B6A}.MinSizeRel|Win32.ActiveCfg = Release|Win32
		{4BEE6DEE-E47D-4987-A22D-53943FC77B6A}.MinSizeRel|Win32.Build.0 = Release|Win32
		{4BEE6DEE-E47D-4987-A22D-53943FC77B6A}.MinSizeRel|x64.ActiveCfg = Release|Win32
		{4BEE6DEE-E47D-4987-A22D-53943FC77B6A}.Release Unicode|Win32.ActiveCfg = Release|Win32
		{4BEE6DEE-E47D-4987-A22D-53943FC77B6A}.Release Unicode|Win32.Build.0 = Release|Win32
		{4BEE6DEE-E47D-4987-A22D-53943FC77B6A}.Release Unicode|x64.ActiveCfg = Release|Win32
		{4BEE6DEE-E47D-4987-A22D-53943FC77B6A}.Release|Win32.ActiveCfg = Release|Win32
		{4BEE6DEE-E47D-4987-A22D-53943FC77B6A}.Release|Win32.Build.0 = Release|Win32
		{4BEE6DEE-E47D-4987-A22D-53943FC77B6A}.Release|x64.ActiveCfg = Release|Win32
		{4BEE6DEE-E47D-4987-A22D-53943FC77B6A}.RelWithDebInfo|Win32.ActiveCfg = Release|Win32
		{4BEE6DEE-E47D-4987-A22D-53943FC77B6A}.RelWithDebInfo|Win32.Build.0 = Release|Win32
		{4BEE6DEE-E47D-4987-A22D-53943FC77B6A}.RelWithDebInfo|x64.ActiveCfg = Release|Win32
		{4BEE6DEE-E47D-4987-A22D-53943FC77B6A}.Template|Win32.ActiveCfg = Release|Win32
		{4BEE6DEE-E47D-4987-A22D-53943FC77B6A}.Template|Win32.Build.0 = Release|Win32
		{4BEE6DEE-E47D-4987-A22D-53943FC77B6A}.Template|x64.ActiveCfg = Release|Win32
		{DBEC9DFC-8E84-4F86-8EBA-543F9B69DB95}.Debug Unicode|Win32.ActiveCfg = Debug|Win32
		{DBEC9DFC-8E84-4F86-8EBA-543F9B69DB95}.Debug Unicode|Win32.Build.0 = Debug|Win32
		{DBEC9DFC-8E84-4F86-8EBA-543F9B69DB95}.Debug Unicode|x64.ActiveCfg = Debug|Win32
		{DBEC9DFC-8E84-4F86-8EBA-543F9B69DB95}.Debug|Win32.ActiveCfg = Debug|Win32
		{DBEC9DFC-8E84-4F86-8EBA-543F9B69DB95}.Debug|Win32.Build.0 = Debug|Win32
		{DBEC9DFC-8E84-4F86-8EBA-543F9B69DB95}.Debug|x64.ActiveCfg = Debug|Win32
		{DBEC9DFC-8E84-4F86-8EBA-543F9B69DB95}.MinSizeRel|Win32.ActiveCfg = MinSizeRel|Win32
		{DBEC9DFC-8E84-4F86-8EBA-543F9B69DB95}.MinSizeRel|Win32.Build.0 = MinSizeRel|Win32
		{DBEC9DFC-8E84-4F86-8EBA-543F9B69DB95}.MinSizeRel|x64.ActiveCfg = MinSizeRel|Win32
		{DBEC9DFC-8E84-4F86-8EBA-543F9B69DB95}.Release Unicode|Win32.ActiveCfg = Release|Win32
		{DBEC9DFC-8E84-4F86-8EBA-543F9B69DB95}.Release Unicode|Win32.Build.0 = Release|Win32
		{DBEC9DFC-8E84-4F86-8EBA-543F9B69DB95}.Release Unicode|x64.ActiveCfg = Release|Win32
		{DBEC9DFC-8E84-4F86-8EBA-543F9B69DB95}.Release|Win32.ActiveCfg = Release|Win32
		{DBEC9DFC-8E84-4F86-8EBA-543F9B69DB95}.Release|Win32.Build.0 = Release|Win32
		{DBEC9DFC-8E84-4F86-8EBA-543F9B69DB95}.Release|x64.ActiveCfg = Release|Win32
		{DBEC9DFC-8E84-4F86-8EBA-543F9B69DB95}.RelWithDebInfo|Win32.ActiveCfg = RelWithDebInfo|Win32
		{DBEC9DFC-8E84-4F86-8EBA-543F9B69DB95}.RelWithDebInfo|Win32.Build.0 = RelWithDebInfo|Win32
		{DBEC9DFC-8E84-4F86-8EBA-543F9B69DB95}.RelWithDebInfo|x64.ActiveCfg = RelWithDebInfo|Win32
		{DBEC9DFC-8E84-4F86-8EBA-543F9B69DB95}.Template|Win32.ActiveCfg = RelWithDebInfo|Win32
		{DBEC9DFC-8E84-4F86-8EBA-543F9B69DB95}.Template|Win32.Build.0 = RelWithDebInfo|Win32
		{DBEC9DFC-8E84-4F86-8EBA-543F9B69DB95}.Template|x64.ActiveCfg = RelWithDebInfo|Win32
		{070E9DF2-F88C-4E9E-BB8D-898660EE755D}.Debug Unicode|Win32.ActiveCfg = Debug|Win32
		{070E9DF2-F88C-4E9E-BB8D-898660EE755D}.Debug Unicode|Win32.Build.0 = Debug|Win32
		{070E9DF2-F88C-4E9E-BB8D-898660EE755D}.Debug Unicode|x64.ActiveCfg = Debug|Win32
		{070E9DF2-F88C-4E9E-BB8D-898660EE755D}.Debug|Win32.ActiveCfg = Debug|Win32
		{070E9DF2-F88C-4E9E-BB8D-898660EE755D}.Debug|Win32.Build.0 = Debug|Win32
		{070E9DF2-F88C-4E9E-BB8D-898660EE755D}.Debug|x64.ActiveCfg = Debug|Win32
		{070E9DF2-F88C-4E9E-BB8D-898660EE755D}.MinSizeRel|Win32.ActiveCfg = MinSizeRel|Win32
		{070E9DF2-F88C-4E9E-BB8D-898660EE755D}.MinSizeRel|Win32.Build.0 = MinSizeRel|Win32
		{070E9DF2-F88C-4E9E-BB8D-898660EE755D}.MinSizeRel|x64.ActiveCfg = MinSizeRel|Win32
		{070E9DF2-F88C-4E9E-BB8D-898660EE755D}.Release Unicode|Win32.ActiveCfg = Release|Win32
		{070E9DF2-F88C-4E9E-BB8D-898660EE755D}.Release Unicode|Win32.Build.0 = Release|Win32
		{070E9DF2-F88C-4E9E-BB8D-898660EE755D}.Release Unicode|x64.ActiveCfg = Release|Win32
		{070E9DF2-F88C-4E9E-BB8D-898660EE755D}.Release|Win32.ActiveCfg = Release|Win32
		{070E9DF2-F88C-4E9E-BB8D-898660EE755D}.Release|Win32.Build.0 = Release|Win32
		{070E9DF2-F88C-4E9E-BB8D-898660EE755D}.Release|x64.ActiveCfg = Release|Win32
		{070E9DF2-F88C-4E9E-BB8D-898660EE755D}.RelWithDebInfo|Win32.ActiveCfg = RelWithDebInfo|Win32
		{070E9DF2-F88C-4E9E-BB8D-898660EE755D}.RelWithDebInfo|Win32.Build.0 = RelWithDebInfo|Win32
		{070E9DF2-F88C-4E9E-BB8D-898660EE755D}.RelWithDebInfo|x64.ActiveCfg = RelWithDebInfo|Win32
		{070E9DF2-F88C-4E9E-BB8D-898660EE755D}.Template|Win32.ActiveCfg = RelWithDebInfo|Win32
		{070E9DF2-F88C-4E9E-BB8D-898660EE755D}.Template|Win32.Build.0 = RelWithDebInfo|Win32
		{070E9DF2-F88C-4E9E-BB8D-898660EE755D}.Template|x64.ActiveCfg = RelWithDebInfo|Win32
		{87D27908-F250-4D2C-A40E-2D12C1B1A26E}.Debug Unicode|Win32.ActiveCfg = Debug|Win32
		{87D27908-F250-4D2C-A40E-2D12C1B1A26E}.Debug Unicode|Win32.Build.0 = Debug|Win32
		{87D27908-F250-4D2C-A40E-2D12C1B1A26E}.Debug Unicode|x64.ActiveCfg = Debug|Win32
		{87D27908-F250-4D2C-A40E-2D12C1B1A26E}.Debug|Win32.ActiveCfg = Debug|Win32
		{87D27908-F250-4D2C-A40E-2D12C1B1A26E}.Debug|Win32.Build.0 = Debug|Win32
		{87D27908-F250-4D2C-A40E-2D12C1B1A26E}.Debug|x64.ActiveCfg = Debug|Win32
		{87D27908-F250-4D2C-A40E-2D12C1B1A26E}.MinSizeRel|Win32.ActiveCfg = MinSizeRel|Win32
		{87D27908-F250-4D2C-A40E-2D12C1B1A26E}.MinSizeRel|Win32.Build.0 = MinSizeRel|Win32
		{87D27908-F250-4D2C-A40E-2D12C1B1A26E}.MinSizeRel|x64.ActiveCfg = MinSizeRel|Win32
		{87D27908-F250-4D2C-A40E-2D12C1B1A26E}.Release Unicode|Win32.ActiveCfg = Release|Win32
		{87D27908-F250-4D2C-A40E-2D12C1B1A26E}.Release Unicode|Win32.Build.0 = Release|Win32
		{87D27908-F250-4D2C-A40E-2D12C1B1A26E}.Release Unicode|x64.ActiveCfg = Release|Win32
		{87D27908-F250-4D2C-A40E-2D12C1B1A26E}.Release|Win32.ActiveCfg = Release|Win32
		{87D27908-F250-4D2C-A40E-2D12C1B1A26E}.Release|Win32.Build.0 = Release|Win32
		{87D27908-F250-4D2C-A40E-2D12C1B1A26E}.Release|x64.ActiveCfg = Release|Win32
		{87D27908-F250-4D2C-A40E-2D12C1B1A26E}.RelWithDebInfo|Win32.ActiveCfg = RelWithDebInfo|Win32
		{87D27908-F250-4D2C-A40E-2D12C1B1A26E}.RelWithDebInfo|Win32.Build.0 = RelWithDebInfo|Win32
		{87D27908-F250-4D2C-A40E-2D12C1B1A26E}.RelWithDebInfo|x64.ActiveCfg = RelWithDebInfo|Win32
		{87D27908-F250-4D2C-A40E-2D12C1B1A26E}.Template|Win32.ActiveCfg = RelWithDebInfo|Win32
		{87D27908-F250-4D2C-A40E-2D12C1B1A26E}.Template|Win32.Build.0 = RelWithDebInfo|Win32
		{87D27908-F250-4D2C-A40E-2D12C1B1A26E}.Template|x64.ActiveCfg = RelWithDebInfo|Win32
		{42FFAF21-D134-47DA-BA17-0401A362420D}.Debug Unicode|Win32.ActiveCfg = Debug|x64
		{42FFAF21-D134-47DA-BA17-0401A362420D}.Debug Unicode|x64.ActiveCfg = Debug|x64
		{42FFAF21-D134-47DA-BA17-0401A362420D}.Debug Unicode|x64.Build.0 = Debug|x64
		{42FFAF21-D134-47DA-BA17-0401A362420D}.Debug|Win32.ActiveCfg = Debug|Win32
		{42FFAF21-D134-47DA-BA17-0401A362420D}.Debug|Win32.Build.0 = Debug|Win32
		{42FFAF21-D134-47DA-BA17-0401A362420D}.Debug|x64.ActiveCfg = Debug|x64
		{42FFAF21-D134-47DA-BA17-0401A362420D}.Debug|x64.Build.0 = Debug|x64
		{42FFAF21-D134-47DA-BA17-0401A362420D}.MinSizeRel|Win32.ActiveCfg = Template|x64
		{42FFAF21-D134-47DA-BA17-0401A362420D}.MinSizeRel|x64.ActiveCfg = Template|x64
		{42FFAF21-D134-47DA-BA17-0401A362420D}.MinSizeRel|x64.Build.0 = Template|x64
		{42FFAF21-D134-47DA-BA17-0401A362420D}.Release Unicode|Win32.ActiveCfg = Release|x64
		{42FFAF21-D134-47DA-BA17-0401A362420D}.Release Unicode|x64.ActiveCfg = Release|x64
		{42FFAF21-D134-47DA-BA17-0401A362420D}.Release Unicode|x64.Build.0 = Release|x64
		{42FFAF21-D134-47DA-BA17-0401A362420D}.Release|Win32.ActiveCfg = Release|Win32
		{42FFAF21-D134-47DA-BA17-0401A362420D}.Release|Win32.Build.0 = Release|Win32
		{42FFAF21-D134-47DA-BA17-0401A362420D}.Release|x64.ActiveCfg = Release|x64
		{42FFAF21-D134-47DA-BA17-0401A362420D}.Release|x64.Build.0 = Release|x64
		{42FFAF21-D134-47DA-BA17-0401A362420D}.RelWithDebInfo|Win32.ActiveCfg = Release|x64
		{42FFAF21-D134-47DA-BA17-0401A362420D}.RelWithDebInfo|x64.ActiveCfg = Release|x64
		{42FFAF21-D134-47DA-BA17-0401A362420D}.RelWithDebInfo|x64.Build.0 = Release|x64
		{42FFAF21-D134-47DA-BA17-0401A362420D}.Template|Win32.ActiveCfg = Template|Win32
		{42FFAF21-D134-47DA-BA17-0401A362420D}.Template|Win32.Build.0 = Template|Win32
		{42FFAF21-D134-47DA-BA17-0401A362420D}.Template|x64.ActiveCfg = Template|x64
		{42FFAF21-D134-47DA-BA17-0401A362420D}.Template|x64.Build.0 = Template|x64
		{2A29C268-EC56-4B30-AD40-74E4510F46F3}.Debug Unicode|Win32.ActiveCfg = Debug|Win32
		{2A29C268-EC56-4B30-AD40-74E4510F46F3}.Debug Unicode|Win32.Build.0 = Debug|Win32
		{2A29C268-EC56-4B30-AD40-74E4510F46F3}.Debug Unicode|x64.ActiveCfg = Debug|Win32
		{2A29C268-EC56-4B30-AD40-74E4510F46F3}.Debug|Win32.ActiveCfg = Debug|Win32
		{2A29C268-EC56-4B30-AD40-74E4510F46F3}.Debug|Win32.Build.0 = Debug|Win32
		{2A29C268-EC56-4B30-AD40-74E4510F46F3}.Debug|x64.ActiveCfg = Debug|Win32
		{2A29C268-EC56-4B30-AD40-74E4510F46F3}.MinSizeRel|Win32.ActiveCfg = Release|Win32
		{2A29C268-EC56-4B30-AD40-74E4510F46F3}.MinSizeRel|Win32.Build.0 = Release|Win32
		{2A29C268-EC56-4B30-AD40-74E4510F46F3}.MinSizeRel|x64.ActiveCfg = Release|Win32
		{2A29C268-EC56-4B30-AD40-74E4510F46F3}.Release Unicode|Win32.ActiveCfg = Release|Win32
		{2A29C268-EC56-4B30-AD40-74E4510F46F3}.Release Unicode|Win32.Build.0 = Release|Win32
		{2A29C268-EC56-4B30-AD40-74E4510F46F3}.Release Unicode|x64.ActiveCfg = Release|Win32
		{2A29C268-EC56-4B30-AD40-74E4510F46F3}.Release|Win32.ActiveCfg = Release|Win32
		{2A29C268-EC56-4B30-AD40-74E4510F46F3}.Release|Win32.Build.0 = Release|Win32
		{2A29C268-EC56-4B30-AD40-74E4510F46F3}.Release|x64.ActiveCfg = Release|Win32
		{2A29C268-EC56-4B30-AD40-74E4510F46F3}.RelWithDebInfo|Win32.ActiveCfg = Release|Win32
		{2A29C268-EC56-4B30-AD40-74E4510F46F3}.RelWithDebInfo|Win32.Build.0 = Release|Win32
		{2A29C268-EC56-4B30-AD40-74E4510F46F3}.RelWithDebInfo|x64.ActiveCfg = Release|Win32
		{2A29C268-EC56-4B30-AD40-74E4510F46F3}.Template|Win32.ActiveCfg = Release|Win32
		{2A29C268-EC56-4B30-AD40-74E4510F46F3}.Template|Win32.Build.0 = Release|Win32
		{2A29C268-EC56-4B30-AD40-74E4510F46F3}.Template|x64.ActiveCfg = Release|Win32
		{0A02C8C2-68BA-42CF-856E-3ACA8384A59B}.Debug Unicode|Win32.ActiveCfg = Debug Unicode|Win32
		{0A02C8C2-68BA-42CF-856E-3ACA8384A59B}.Debug Unicode|Win32.Build.0 = Debug Unicode|Win32
		{0A02C8C2-68BA-42CF-856E-3ACA8384A59B}.Debug Unicode|x64.ActiveCfg = Debug Unicode|Win32
		{0A02C8C2-68BA-42CF-856E-3ACA8384A59B}.Debug|Win32.ActiveCfg = Debug|Win32
		{0A02C8C2-68BA-42CF-856E-3ACA8384A59B}.Debug|Win32.Build.0 = Debug|Win32
		{0A02C8C2-68BA-42CF-856E-3ACA8384A59B}.Debug|x64.ActiveCfg = Debug|Win32
		{0A02C8C2-68BA-42CF-856E-3ACA8384A59B}.MinSizeRel|Win32.ActiveCfg = Release|Win32
		{0A02C8C2-68BA-42CF-856E-3ACA8384A59B}.MinSizeRel|Win32.Build.0 = Release|Win32
		{0A02C8C2-68BA-42CF-856E-3ACA8384A59B}.MinSizeRel|x64.ActiveCfg = Release|Win32
		{0A02C8C2-68BA-42CF-856E-3ACA8384A59B}.Release Unicode|Win32.ActiveCfg = Release Unicode|Win32
		{0A02C8C2-68BA-42CF-856E-3ACA8384A59B}.Release Unicode|Win32.Build.0 = Release Unicode|Win32
		{0A02C8C2-68BA-42CF-856E-3ACA8384A59B}.Release Unicode|x64.ActiveCfg = Release Unicode|Win32
		{0A02C8C2-68BA-42CF-856E-3ACA8384A59B}.Release|Win32.ActiveCfg = Release|Win32
		{0A02C8C2-68BA-42CF-856E-3ACA8384A59B}.Release|Win32.Build.0 = Release|Win32
		{0A02C8C2-68BA-42CF-856E-3ACA8384A59B}.Release|x64.ActiveCfg = Release|Win32
		{0A02C8C2-68BA-42CF-856E-3ACA8384A59B}.RelWithDebInfo|Win32.ActiveCfg = Release|Win32
		{0A02C8C2-68BA-42CF-856E-3ACA8384A59B}.RelWithDebInfo|Win32.Build.0 = Release|Win32
		{0A02C8C2-68BA-42CF-856E-3ACA8384A59B}.RelWithDebInfo|x64.ActiveCfg = Release|Win32
		{0A02C8C2-68BA-42CF-856E-3ACA8384A59B}.Template|Win32.ActiveCfg = Release|Win32
		{0A02C8C2-68BA-42CF-856E-3ACA8384A59B}.Template|Win32.Build.0 = Release|Win32
		{0A02C8C2-68BA-42CF-856E-3ACA8384A59B}.Template|x64.ActiveCfg = Release|Win32
		{4A77D448-C26C-4EF9-8085-D1754EF1BF4E}.Debug Unicode|Win32.ActiveCfg = Debug
		{4A77D448-C26C-4EF9-8085-D1754EF1BF4E}.Debug Unicode|Win32.Build.0 = Debug
		{4A77D448-C26C-4EF9-8085-D1754EF1BF4E}.Debug Unicode|x64.ActiveCfg = Debug
		{4A77D448-C26C-4EF9-8085-D1754EF1BF4E}.Debug Unicode|x64.Build.0 = Debug
		{4A77D448-C26C-4EF9-8085-D1754EF1BF4E}.Debug|Win32.ActiveCfg = Debug
		{4A77D448-C26C-4EF9-8085-D1754EF1BF4E}.Debug|Win32.Build.0 = Debug
		{4A77D448-C26C-4EF9-8085-D1754EF1BF4E}.Debug|x64.ActiveCfg = Debug
		{4A77D448-C26C-4EF9-8085-D1754EF1BF4E}.Debug|x64.Build.0 = Debug
		{4A77D448-C26C-4EF9-8085-D1754EF1BF4E}.MinSizeRel|Win32.ActiveCfg = Release
		{4A77D448-C26C-4EF9-8085-D1754EF1BF4E}.MinSizeRel|Win32.Build.0 = Release
		{4A77D448-C26C-4EF9-8085-D1754EF1BF4E}.MinSizeRel|x64.ActiveCfg = Release
		{4A77D448-C26C-4EF9-8085-D1754EF1BF4E}.MinSizeRel|x64.Build.0 = Release
		{4A77D448-C26C-4EF9-8085-D1754EF1BF4E}.Release Unicode|Win32.ActiveCfg = Release
		{4A77D448-C26C-4EF9-8085-D1754EF1BF4E}.Release Unicode|Win32.Build.0 = Release
		{4A77D448-C26C-4EF9-8085-D1754EF1BF4E}.Release Unicode|x64.ActiveCfg = Release
		{4A77D448-C26C-4EF9-8085-D1754EF1BF4E}.Release Unicode|x64.Build.0 = Release
		{4A77D448-C26C-4EF9-8085-D1754EF1BF4E}.Release|Win32.ActiveCfg = Release
		{4A77D448-C26C-4EF9-8085-D1754EF1BF4E}.Release|Win32.Build.0 = Release
		{4A77D448-C26C-4EF9-8085-D1754EF1BF4E}.Release|x64.ActiveCfg = Release
		{4A77D448-C26C-4EF9-8085-D1754EF1BF4E}.Release|x64.Build.0 = Release
		{4A77D448-C26C-4EF9-8085-D1754EF1BF4E}.RelWithDebInfo|Win32.ActiveCfg = Release
		{4A77D448-C26C-4EF9-8085-D1754EF1BF4E}.RelWithDebInfo|Win32.Build.0 = Release
		{4A77D448-C26C-4EF9-8085-D1754EF1BF4E}.RelWithDebInfo|x64.ActiveCfg = Release
		{4A77D448-C26C-4EF9-8085-D1754EF1BF4E}.RelWithDebInfo|x64.Build.0 = Release
		{4A77D448-C26C-4EF9-8085-D1754EF1BF4E}.Template|Win32.ActiveCfg = Release
		{4A77D448-C26C-4EF9-8085-D1754EF1BF4E}.Template|Win32.Build.0 = Release
		{4A77D448-C26C-4EF9-8085-D1754EF1BF4E}.Template|x64.ActiveCfg = Release
		{4A77D448-C26C-4EF9-8085-D1754EF1BF4E}.Template|x64.Build.0 = Release
		{727EFA37-4654-42B1-BE42-D921BC52F38B}.Debug Unicode|Win32.ActiveCfg = Debug|Win32
		{727EFA37-4654-42B1-BE42-D921BC52F38B}.Debug Unicode|Win32.Build.0 = Debug|Win32
		{727EFA37-4654-42B1-BE42-D921BC52F38B}.Debug Unicode|x64.ActiveCfg = Debug|Win32
		{727EFA37-4654-42B1-BE42-D921BC52F38B}.Debug|Win32.ActiveCfg = Debug|Win32
		{727EFA37-4654-42B1-BE42-D921BC52F38B}.Debug|Win32.Build.0 = Debug|Win32
		{727EFA37-4654-42B1-BE42-D921BC52F38B}.Debug|x64.ActiveCfg = Debug|Win32
		{727EFA37-4654-42B1-BE42-D921BC52F38B}.MinSizeRel|Win32.ActiveCfg = Release|Win32
		{727EFA37-4654-42B1-BE42-D921BC52F38B}.MinSizeRel|Win32.Build.0 = Release|Win32
		{727EFA37-4654-42B1-BE42-D921BC52F38B}.MinSizeRel|x64.ActiveCfg = Release|Win32
		{727EFA37-4654-42B1-BE42-D921BC52F38B}.Release Unicode|Win32.ActiveCfg = Release|Win32
		{727EFA37-4654-42B1-BE42-D921BC52F38B}.Release Unicode|Win32.Build.0 = Release|Win32
		{727EFA37-4654-42B1-BE42-D921BC52F38B}.Release Unicode|x64.ActiveCfg = Release|Win32
		{727EFA37-4654-42B1-BE42-D921BC52F38B}.Release|Win32.ActiveCfg = Release|Win32
		{727EFA37-4654-42B1-BE42-D921BC52F38B}.Release|Win32.Build.0 = Release|Win32
		{727EFA37-4654-42B1-BE42-D921BC52F38B}.Release|x64.ActiveCfg = Release|Win32
		{727EFA37-4654-42B1-BE42-D921BC52F38B}.RelWithDebInfo|Win32.ActiveCfg = Release|Win32
		{727EFA37-4654-42B1-BE42-D921BC52F38B}.RelWithDebInfo|Win32.Build.0 = Release|Win32
		{727EFA37-4654-42B1-BE42-D921BC52F38B}.RelWithDebInfo|x64.ActiveCfg = Release|Win32
		{727EFA37-4654-42B1-BE42-D921BC52F38B}.Template|Win32.ActiveCfg = Release|Win32
		{727EFA37-4654-42B1-BE42-D921BC52F38B}.Template|Win32.Build.0 = Release|Win32
		{727EFA37-4654-42B1-BE42-D921BC52F38B}.Template|x64.ActiveCfg = Release|Win32
		{470C289E-BDF0-4071-8CF3-073F05BB7593}.Debug Unicode|Win32.ActiveCfg = Debug|Win32
		{470C289E-BDF0-4071-8CF3-073F05BB7593}.Debug Unicode|Win32.Build.0 = Debug|Win32
		{470C289E-BDF0-4071-8CF3-073F05BB7593}.Debug Unicode|x64.ActiveCfg = Debug|Win32
		{470C289E-BDF0-4071-8CF3-073F05BB7593}.Debug|Win32.ActiveCfg = Debug|Win32
		{470C289E-BDF0-4071-8CF3-073F05BB7593}.Debug|Win32.Build.0 = Debug|Win32
		{470C289E-BDF0-4071-8CF3-073F05BB7593}.Debug|x64.ActiveCfg = Debug|Win32
		{470C289E-BDF0-4071-8CF3-073F05BB7593}.MinSizeRel|Win32.ActiveCfg = Release|Win32
		{470C289E-BDF0-4071-8CF3-073F05BB7593}.MinSizeRel|Win32.Build.0 = Release|Win32
		{470C289E-BDF0-4071-8CF3-073F05BB7593}.MinSizeRel|x64.ActiveCfg = Release|Win32
		{470C289E-BDF0-4071-8CF3-073F05BB7593}.Release Unicode|Win32.ActiveCfg = Release|Win32
		{470C289E-BDF0-4071-8CF3-073F05BB7593}.Release Unicode|Win32.Build.0 = Release|Win32
		{470C289E-BDF0-4071-8CF3-073F05BB7593}.Release Unicode|x64.ActiveCfg = Release|Win32
		{470C289E-BDF0-4071-8CF3-073F05BB7593}.Release|Win32.ActiveCfg = Release|Win32
		{470C289E-BDF0-4071-8CF3-073F05BB7593}.Release|Win32.Build.0 = Release|Win32
		{470C289E-BDF0-4071-8CF3-073F05BB7593}.Release|x64.ActiveCfg = Release|Win32
		{470C289E-BDF0-4071-8CF3-073F05BB7593}.RelWithDebInfo|Win32.ActiveCfg = Release|Win32
		{470C289E-BDF0-4071-8CF3-073F05BB7593}.RelWithDebInfo|Win32.Build.0 = Release|Win32
		{470C289E-BDF0-4071-8CF3-073F05BB7593}.RelWithDebInfo|x64.ActiveCfg = Release|Win32
		{470C289E-BDF0-4071-8CF3-073F05BB7593}.Template|Win32.ActiveCfg = Release|Win32
		{470C289E-BDF0-4071-8CF3-073F05BB7593}.Template|Win32.Build.0 = Release|Win32
		{470C289E-BDF0-4071-8CF3-073F05BB7593}.Template|x64.ActiveCfg = Release|Win32
		{07003321-D203-4E31-91EB-8A9C699F91ED}.Debug Unicode|Win32.ActiveCfg = Debug|x64
		{07003321-D203-4E31-91EB-8A9C699F91ED}.Debug Unicode|x64.ActiveCfg = Debug|x64
		{07003321-D203-4E31-91EB-8A9C699F91ED}.Debug Unicode|x64.Build.0 = Debug|x64
		{07003321-D203-4E31-91EB-8A9C699F91ED}.Debug|Win32.ActiveCfg = Debug|Win32
		{07003321-D203-4E31-91EB-8A9C699F91ED}.Debug|Win32.Build.0 = Debug|Win32
		{07003321-D203-4E31-91EB-8A9C699F91ED}.Debug|x64.ActiveCfg = Debug|x64
		{07003321-D203-4E31-91EB-8A9C699F91ED}.Debug|x64.Build.0 = Debug|x64
		{07003321-D203-4E31-91EB-8A9C699F91ED}.MinSizeRel|Win32.ActiveCfg = Release|x64
		{07003321-D203-4E31-91EB-8A9C699F91ED}.MinSizeRel|x64.ActiveCfg = Release|x64
		{07003321-D203-4E31-91EB-8A9C699F91ED}.MinSizeRel|x64.Build.0 = Release|x64
		{07003321-D203-4E31-91EB-8A9C699F91ED}.Release Unicode|Win32.ActiveCfg = Release|x64
		{07003321-D203-4E31-91EB-8A9C699F91ED}.Release Unicode|x64.ActiveCfg = Release|x64
		{07003321-D203-4E31-91EB-8A9C699F91ED}.Release Unicode|x64.Build.0 = Release|x64
		{07003321-D203-4E31-91EB-8A9C699F91ED}.Release|Win32.ActiveCfg = Release|Win32
		{07003321-D203-4E31-91EB-8A9C699F91ED}.Release|Win32.Build.0 = Release|Win32
		{07003321-D203-4E31-91EB-8A9C699F91ED}.Release|x64.ActiveCfg = Release|x64
		{07003321-D203-4E31-91EB-8A9C699F91ED}.Release|x64.Build.0 = Release|x64
		{07003321-D203-4E31-91EB-8A9C699F91ED}.RelWithDebInfo|Win32.ActiveCfg = Release|x64
		{07003321-D203-4E31-91EB-8A9C699F91ED}.RelWithDebInfo|x64.ActiveCfg = Release|x64
		{07003321-D203-4E31-91EB-8A9C699F91ED}.RelWithDebInfo|x64.Build.0 = Release|x64
		{07003321-D203-4E31-91EB-8A9C699F91ED}.Template|Win32.ActiveCfg = Release|x64
		{07003321-D203-4E31-91EB-8A9C699F91ED}.Template|x64.ActiveCfg = Release|x64
		{07003321-D203-4E31-91EB-8A9C699F91ED}.Template|x64.Build.0 = Release|x64
	EndGlobalSection
	GlobalSection(SolutionProperties) = preSolution
		HideSolutionNode = FALSE
	EndGlobalSection
	GlobalSection(NestedProjects) = preSolution
		{F10E8FC2-9D48-46E0-AFB1-3009EFC69663} = {D5660BE9-8A48-4F66-A144-816131B9ACAD}
		{79115543-F595-4FE6-95DC-FD0D75E39EF9} = {D5660BE9-8A48-4F66-A144-816131B9ACAD}
		{3793C4A7-0854-4778-A89A-88EED245F6A3} = {D5660BE9-8A48-4F66-A144-816131B9ACAD}
		{503742FF-F31C-46FF-9E15-E3DFD0857272} = {D5660BE9-8A48-4F66-A144-816131B9ACAD}
		{C04B33C6-413D-42F3-B5B0-BFBFB60089CD} = {D5660BE9-8A48-4F66-A144-816131B9ACAD}
		{334BC8AF-0C4F-4C1C-9055-C9BE4243BC21} = {D5660BE9-8A48-4F66-A144-816131B9ACAD}
		{E982C1B3-88CD-459B-A928-DAEA7D951B77} = {D5660BE9-8A48-4F66-A144-816131B9ACAD}
		{9FD29FC6-311A-4661-9625-E1929EA4FE77} = {D5660BE9-8A48-4F66-A144-816131B9ACAD}
		{2A29C268-EC56-4B30-AD40-74E4510F46F3} = {D5660BE9-8A48-4F66-A144-816131B9ACAD}
		{727EFA37-4654-42B1-BE42-D921BC52F38B} = {D5660BE9-8A48-4F66-A144-816131B9ACAD}
		{DDC2F197-1E7E-45D7-BA43-A28FB946F638} = {D751A11F-573F-4296-8884-F3EE47CFB272}
		{FC1E3CF8-78B5-4AC9-B0DE-E0FCEFD83AB1} = {D751A11F-573F-4296-8884-F3EE47CFB272}
		{CED7D3CA-61BE-42B8-AA04-C93CF293F9D5} = {D751A11F-573F-4296-8884-F3EE47CFB272}
		{3BBF9FAD-767E-4FD2-BA7D-351352C067A9} = {D751A11F-573F-4296-8884-F3EE47CFB272}
		{37BE7523-5C12-45E8-AA67-F78E4F59D976} = {D751A11F-573F-4296-8884-F3EE47CFB272}
		{42FFAF21-D134-47DA-BA17-0401A362420D} = {D751A11F-573F-4296-8884-F3EE47CFB272}
		{0A02C8C2-68BA-42CF-856E-3ACA8384A59B} = {D751A11F-573F-4296-8884-F3EE47CFB272}
		{07003321-D203-4E31-91EB-8A9C699F91ED} = {D751A11F-573F-4296-8884-F3EE47CFB272}
		{5C3F2CA1-D870-4863-B94D-4E048174EC8B} = {9F76AAD0-B778-470E-A67D-3764C10C8D5A}
		{4C19C347-405C-4713-961F-02BF0F1003C6} = {F10E8FC2-9D48-46E0-AFB1-3009EFC69663}
		{CA034884-0B92-4E4F-9189-F29113ACE8B7} = {F10E8FC2-9D48-46E0-AFB1-3009EFC69663}
		{470C289E-BDF0-4071-8CF3-073F05BB7593} = {F10E8FC2-9D48-46E0-AFB1-3009EFC69663}
		{5E0C2CF8-1F02-483D-83FB-905E8FA3BC4D} = {E3965274-AA09-4D4B-89C0-254C2F733895}
		{08163AAE-202D-4C93-B43A-BF6136926AC1} = {E3965274-AA09-4D4B-89C0-254C2F733895}
		{354DF112-1294-45E1-BFE1-516E98D5B7D4} = {E3965274-AA09-4D4B-89C0-254C2F733895}
		{4BEE6DEE-E47D-4987-A22D-53943FC77B6A} = {E3965274-AA09-4D4B-89C0-254C2F733895}
		{DBEC9DFC-8E84-4F86-8EBA-543F9B69DB95} = {F569EA6A-935F-48F2-8A6A-87E08299C699}
		{070E9DF2-F88C-4E9E-BB8D-898660EE755D} = {F569EA6A-935F-48F2-8A6A-87E08299C699}
		{87D27908-F250-4D2C-A40E-2D12C1B1A26E} = {F569EA6A-935F-48F2-8A6A-87E08299C699}
	EndGlobalSection
EndGlobal
