<?xml version="1.0" encoding="utf-8"?>
<Project ToolsVersion="4.0" xmlns="http://schemas.microsoft.com/developer/msbuild/2003">
  <ItemGroup>
    <Filter Include="Source Files">
      <UniqueIdentifier>{4FC737F1-C7A5-4376-A066-2A32D752A2FF}</UniqueIdentifier>
      <Extensions>cpp;c;cc;cxx;def;odl;idl;hpj;bat;asm;asmx</Extensions>
    </Filter>
    <Filter Include="Header Files">
      <UniqueIdentifier>{93995380-89BD-4b04-88EB-625FBE52EBFB}</UniqueIdentifier>
      <Extensions>h;hpp;hxx;hm;inl;inc;xsd</Extensions>
    </Filter>
    <Filter Include="Resource Files">
      <UniqueIdentifier>{67DA6AB6-F800-4c08-8B7A-83BB121AAD01}</UniqueIdentifier>
      <Extensions>rc;ico;cur;bmp;dlg;rc2;rct;bin;rgs;gif;jpg;jpeg;jpe;resx;tiff;tif;png;wav</Extensions>
    </Filter>
  </ItemGroup>
  <ItemGroup>
    <ClCompile Include="CustomProperties.cpp">
      <Filter>Source Files</Filter>
    </ClCompile>
    <ClCompile Include="Dbg.cpp">
      <Filter>Source Files</Filter>
    </ClCompile>
    <ClCompile Include="EditRtsp.cpp">
      <Filter>Source Files</Filter>
    </ClCompile>
    <ClCompile Include="EditSkype.cpp">
      <Filter>Source Files</Filter>
    </ClCompile>
    <ClCompile Include="OvsControl.cpp">
      <Filter>Source Files</Filter>
    </ClCompile>
    <ClCompile Include="OvsControlPropSheet.cpp">
      <Filter>Source Files</Filter>
    </ClCompile>
    <ClCompile Include="PageInputVideos.cpp">
      <Filter>Source Files</Filter>
    </ClCompile>
    <ClCompile Include="PageRecord.cpp">
      <Filter>Source Files</Filter>
    </ClCompile>
    <ClCompile Include="PageSkype.cpp">
      <Filter>Source Files</Filter>
    </ClCompile>
    <ClCompile Include="PageStatus.cpp">
      <Filter>Source Files</Filter>
    </ClCompile>
    <ClCompile Include="SelectCamera.cpp">
      <Filter>Source Files</Filter>
    </ClCompile>
    <ClCompile Include="SkypeConfig.cpp">
      <Filter>Source Files</Filter>
    </ClCompile>
    <ClCompile Include="SlideShowCtrl.cpp">
      <Filter>Source Files</Filter>
    </ClCompile>
    <ClCompile Include="stdafx.cpp">
      <Filter>Source Files</Filter>
    </ClCompile>
    <ClCompile Include="DShowCapGraph.cpp">
      <Filter>Source Files</Filter>
    </ClCompile>
    <ClCompile Include="PageLiveCast.cpp">
      <Filter>Source Files</Filter>
    </ClCompile>
    <ClCompile Include="EditRtpRec.cpp">
      <Filter>Source Files</Filter>
    </ClCompile>
    <ClCompile Include="RtmpEdit.cpp">
      <Filter>Source Files</Filter>
    </ClCompile>
    <ClCompile Include="ConfigLiveCast.cpp">
      <Filter>Source Files</Filter>
    </ClCompile>
    <ClCompile Include="OvsControlCrashReport.cpp">
      <Filter>Source Files</Filter>
    </ClCompile>
    <ClCompile Include="ConfigComn.cpp">
      <Filter>Source Files</Filter>
    </ClCompile>
    <ClCompile Include="PagePublish.cpp">
      <Filter>Source Files</Filter>
    </ClCompile>
    <ClCompile Include="PageLayout.cpp">
      <Filter>Source Files</Filter>
    </ClCompile>
    <ClCompile Include="EditUdpOut.cpp">
      <Filter>Source Files</Filter>
    </ClCompile>
    <ClCompile Include="HlsOutConfigure.cpp">
      <Filter>Source Files</Filter>
    </ClCompile>
    <ClCompile Include="RtspServerConfig.cpp">
      <Filter>Source Files</Filter>
    </ClCompile>
    <ClCompile Include="HlsPublishS3.cpp">
      <Filter>Source Files</Filter>
    </ClCompile>
  </ItemGroup>
  <ItemGroup>
    <ClInclude Include="CustomProperties.h">
      <Filter>Header Files</Filter>
    </ClInclude>
    <ClInclude Include="EditRtsp.h">
      <Filter>Header Files</Filter>
    </ClInclude>
    <ClInclude Include="EditSkype.h">
      <Filter>Header Files</Filter>
    </ClInclude>
    <ClInclude Include="..\..\PluginControl\OnyxControl.h">
      <Filter>Header Files</Filter>
    </ClInclude>
    <ClInclude Include="OvsControl.h">
      <Filter>Header Files</Filter>
    </ClInclude>
    <ClInclude Include="OvsControlPropSheet.h">
      <Filter>Header Files</Filter>
    </ClInclude>
    <ClInclude Include="PageInputVideos.h">
      <Filter>Header Files</Filter>
    </ClInclude>
    <ClInclude Include="PagePublish.h">
      <Filter>Header Files</Filter>
    </ClInclude>
    <ClInclude Include="PageRecord.h">
      <Filter>Header Files</Filter>
    </ClInclude>
    <ClInclude Include="PageSkype.h">
      <Filter>Header Files</Filter>
    </ClInclude>
    <ClInclude Include="PageStatus.h">
      <Filter>Header Files</Filter>
    </ClInclude>
    <ClInclude Include="..\..\PluginCommon\PluginParams.h">
      <Filter>Header Files</Filter>
    </ClInclude>
    <ClInclude Include="resource.h">
      <Filter>Header Files</Filter>
    </ClInclude>
    <ClInclude Include="SelectCamera.h">
      <Filter>Header Files</Filter>
    </ClInclude>
    <ClInclude Include="SkypeConfig.h">
      <Filter>Header Files</Filter>
    </ClInclude>
    <ClInclude Include="SlideShowCtrl.h">
      <Filter>Header Files</Filter>
    </ClInclude>
    <ClInclude Include="stdafx.h">
      <Filter>Header Files</Filter>
    </ClInclude>
    <ClInclude Include="targetver.h">
      <Filter>Header Files</Filter>
    </ClInclude>
    <ClInclude Include="DshowCapGraph.h">
      <Filter>Header Files</Filter>
    </ClInclude>
    <ClInclude Include="PageLiveCast.h">
      <Filter>Header Files</Filter>
    </ClInclude>
    <ClInclude Include="EditRtpRec.h">
      <Filter>Header Files</Filter>
    </ClInclude>
    <ClInclude Include="RtmpEdit.h">
      <Filter>Header Files</Filter>
    </ClInclude>
    <ClInclude Include="ConfigLiveCast.h">
      <Filter>Header Files</Filter>
    </ClInclude>
    <ClInclude Include="OvsControlCrashReport.h">
      <Filter>Header Files</Filter>
    </ClInclude>
    <ClInclude Include="ConfigComn.h">
      <Filter>Header Files</Filter>
    </ClInclude>
    <ClInclude Include="Dbg.h">
      <Filter>Header Files</Filter>
    </ClInclude>
    <ClInclude Include="..\..\PluginCommon\DsUtil.h">
      <Filter>Header Files</Filter>
    </ClInclude>
    <ClInclude Include="PageLayout.h">
      <Filter>Header Files</Filter>
    </ClInclude>
    <ClInclude Include="EditUdpOut.h">
      <Filter>Header Files</Filter>
    </ClInclude>
    <ClInclude Include="HlsOutConfigure.h">
      <Filter>Header Files</Filter>
    </ClInclude>
    <ClInclude Include="RtspServerConfig.h">
      <Filter>Header Files</Filter>
    </ClInclude>
    <ClInclude Include="HlsPublishS3.h">
      <Filter>Header Files</Filter>
    </ClInclude>
  </ItemGroup>
  <ItemGroup>
    <None Include="res\Anchor1 .bmp">
      <Filter>Resource Files</Filter>
    </None>
    <None Include="res\Anchor1.bmp">
      <Filter>Resource Files</Filter>
    </None>
    <None Include="res\Anchor2.bmp">
      <Filter>Resource Files</Filter>
    </None>
    <None Include="res\arrow_dn.bmp">
      <Filter>Resource Files</Filter>
    </None>
    <None Include="res\arrow_left.bmp">
      <Filter>Resource Files</Filter>
    </None>
    <None Include="res\arrow_right.bmp">
      <Filter>Resource Files</Filter>
    </None>
    <None Include="res\arrow_up.bmp">
      <Filter>Resource Files</Filter>
    </None>
    <None Include="res\AUDCFGD.bmp">
      <Filter>Resource Files</Filter>
    </None>
    <None Include="res\AUDCFGU.bmp">
      <Filter>Resource Files</Filter>
    </None>
    <None Include="res\AUDIOCFGX.bmp">
      <Filter>Resource Files</Filter>
    </None>
    <None Include="res\Btn.cur">
      <Filter>Resource Files</Filter>
    </None>
    <None Include="res\btn1_hot.bmp">
      <Filter>Resource Files</Filter>
    </None>
    <None Include="res\button32.bmp">
      <Filter>Resource Files</Filter>
    </None>
    <None Include="res\button32hot.bmp">
      <Filter>Resource Files</Filter>
    </None>
    <None Include="res\buttons.bmp">
      <Filter>Resource Files</Filter>
    </None>
    <None Include="res\CAMERAD.BMP">
      <Filter>Resource Files</Filter>
    </None>
    <None Include="res\CAMERAF.BMP">
      <Filter>Resource Files</Filter>
    </None>
    <None Include="res\CAMERASRC.BMP">
      <Filter>Resource Files</Filter>
    </None>
    <None Include="res\CAMERASRC_SML.bmp">
      <Filter>Resource Files</Filter>
    </None>
    <None Include="res\CAMERAU.BMP">
      <Filter>Resource Files</Filter>
    </None>
    <None Include="res\CAMERAX.BMP">
      <Filter>Resource Files</Filter>
    </None>
    <None Include="res\check32.bmp">
      <Filter>Resource Files</Filter>
    </None>
    <None Include="res\checkno.bmp">
      <Filter>Resource Files</Filter>
    </None>
    <None Include="res\checkno32.bmp">
      <Filter>Resource Files</Filter>
    </None>
    <None Include="res\COLORKEYD.bmp">
      <Filter>Resource Files</Filter>
    </None>
    <None Include="res\COLORKEYDISD.bmp">
      <Filter>Resource Files</Filter>
    </None>
    <None Include="res\COLORKEYDISF.bmp">
      <Filter>Resource Files</Filter>
    </None>
    <None Include="res\COLORKEYDISU.bmp">
      <Filter>Resource Files</Filter>
    </None>
    <None Include="res\COLORKEYDISX.bmp">
      <Filter>Resource Files</Filter>
    </None>
    <None Include="res\COLORKEYEND.bmp">
      <Filter>Resource Files</Filter>
    </None>
    <None Include="res\COLORKEYENF.bmp">
      <Filter>Resource Files</Filter>
    </None>
    <None Include="res\COLORKEYENU.bmp">
      <Filter>Resource Files</Filter>
    </None>
    <None Include="res\COLORKEYENX.bmp">
      <Filter>Resource Files</Filter>
    </None>
    <None Include="res\COLORKEYF.bmp">
      <Filter>Resource Files</Filter>
    </None>
    <None Include="res\COLORKEYU.bmp">
      <Filter>Resource Files</Filter>
    </None>
    <None Include="res\COLORKEYX.bmp">
      <Filter>Resource Files</Filter>
    </None>
    <None Include="res\Display1.bmp">
      <Filter>Resource Files</Filter>
    </None>
    <None Include="res\Display2.bmp">
      <Filter>Resource Files</Filter>
    </None>
    <None Include="res\Display3.bmp">
      <Filter>Resource Files</Filter>
    </None>
    <None Include="res\FILED.bmp">
      <Filter>Resource Files</Filter>
    </None>
    <None Include="res\FILEF.bmp">
      <Filter>Resource Files</Filter>
    </None>
    <None Include="res\FILESRC.bmp">
      <Filter>Resource Files</Filter>
    </None>
    <None Include="res\FILESRC_SML.bmp">
      <Filter>Resource Files</Filter>
    </None>
    <None Include="res\FILEU.bmp">
      <Filter>Resource Files</Filter>
    </None>
    <None Include="res\FILEX.bmp">
      <Filter>Resource Files</Filter>
    </None>
    <None Include="res\FLIPVD.bmp">
      <Filter>Resource Files</Filter>
    </None>
    <None Include="res\FLIPVDISD.bmp">
      <Filter>Resource Files</Filter>
    </None>
    <None Include="res\FLIPVDISF.bmp">
      <Filter>Resource Files</Filter>
    </None>
    <None Include="res\FLIPVDISU.bmp">
      <Filter>Resource Files</Filter>
    </None>
    <None Include="res\FLIPVDISX.bmp">
      <Filter>Resource Files</Filter>
    </None>
    <None Include="res\FLIPVEND.bmp">
      <Filter>Resource Files</Filter>
    </None>
    <None Include="res\FLIPVENF.bmp">
      <Filter>Resource Files</Filter>
    </None>
    <None Include="res\FLIPVENU.bmp">
      <Filter>Resource Files</Filter>
    </None>
    <None Include="res\FLIPVENX.bmp">
      <Filter>Resource Files</Filter>
    </None>
    <None Include="res\FLIPVF.bmp">
      <Filter>Resource Files</Filter>
    </None>
    <None Include="res\FLIPVU.bmp">
      <Filter>Resource Files</Filter>
    </None>
    <None Include="res\FLIPVX.bmp">
      <Filter>Resource Files</Filter>
    </None>
    <None Include="res\GEN_DISABLE.bmp">
      <Filter>Resource Files</Filter>
    </None>
    <None Include="res\GEN_DISABLED.bmp">
      <Filter>Resource Files</Filter>
    </None>
    <None Include="res\GEN_DISABLEU.bmp">
      <Filter>Resource Files</Filter>
    </None>
    <None Include="res\GEN_ENABLE.bmp">
      <Filter>Resource Files</Filter>
    </None>
    <None Include="res\GEN_ENABLED.bmp">
      <Filter>Resource Files</Filter>
    </None>
    <None Include="res\GEN_ENABLEU.bmp">
      <Filter>Resource Files</Filter>
    </None>
    <None Include="res\globe.bmp">
      <Filter>Resource Files</Filter>
    </None>
    <None Include="res\HLSD.bmp">
      <Filter>Resource Files</Filter>
    </None>
    <None Include="res\HLSU.bmp">
      <Filter>Resource Files</Filter>
    </None>
    <None Include="res\icons.bmp">
      <Filter>Resource Files</Filter>
    </None>
    <None Include="res\icons32.bmp">
      <Filter>Resource Files</Filter>
    </None>
    <None Include="res\INPUTDISD.bmp">
      <Filter>Resource Files</Filter>
    </None>
    <None Include="res\INPUTDISF.bmp">
      <Filter>Resource Files</Filter>
    </None>
    <None Include="res\INPUTDISU.bmp">
      <Filter>Resource Files</Filter>
    </None>
    <None Include="res\INPUTDISX.bmp">
      <Filter>Resource Files</Filter>
    </None>
    <None Include="res\INPUTEND.bmp">
      <Filter>Resource Files</Filter>
    </None>
    <None Include="res\INPUTENF.bmp">
      <Filter>Resource Files</Filter>
    </None>
    <None Include="res\INPUTENU.bmp">
      <Filter>Resource Files</Filter>
    </None>
    <None Include="res\INPUTENX.bmp">
      <Filter>Resource Files</Filter>
    </None>
    <None Include="res\INPUTSTATED.bmp">
      <Filter>Resource Files</Filter>
    </None>
    <None Include="res\INPUTSTATEF.bmp">
      <Filter>Resource Files</Filter>
    </None>
    <None Include="res\INPUTSTATEU.bmp">
      <Filter>Resource Files</Filter>
    </None>
    <None Include="res\INPUTSTATEX.bmp">
      <Filter>Resource Files</Filter>
    </None>
    <None Include="res\IPCAMD.bmp">
      <Filter>Resource Files</Filter>
    </None>
    <None Include="res\IPCAMF.bmp">
      <Filter>Resource Files</Filter>
    </None>
    <None Include="res\IPCAMSRC.bmp">
      <Filter>Resource Files</Filter>
    </None>
    <None Include="res\IPCAMSRC_SML.bmp">
      <Filter>Resource Files</Filter>
    </None>
    <None Include="res\IPCAMU.bmp">
      <Filter>Resource Files</Filter>
    </None>
    <None Include="res\IPCAMX.bmp">
      <Filter>Resource Files</Filter>
    </None>
    <None Include="res\ITEMEDITD.bmp">
      <Filter>Resource Files</Filter>
    </None>
    <None Include="res\ITEMEDITU.bmp">
      <Filter>Resource Files</Filter>
    </None>
    <None Include="res\ITEMEDITX.bmp">
      <Filter>Resource Files</Filter>
    </None>
    <None Include="res\led_off.bmp">
      <Filter>Resource Files</Filter>
    </None>
    <None Include="res\led_on.bmp">
      <Filter>Resource Files</Filter>
    </None>
    <None Include="res\LOGIND.bmp">
      <Filter>Resource Files</Filter>
    </None>
    <None Include="res\LOGINU.bmp">
      <Filter>Resource Files</Filter>
    </None>
    <None Include="res\LOGINX.bmp">
      <Filter>Resource Files</Filter>
    </None>
    <None Include="res\LOGOUTD.bmp">
      <Filter>Resource Files</Filter>
    </None>
    <None Include="res\LOGOUTU.bmp">
      <Filter>Resource Files</Filter>
    </None>
    <None Include="res\LOGOUTX.bmp">
      <Filter>Resource Files</Filter>
    </None>
    <None Include="res\MP4D.bmp">
      <Filter>Resource Files</Filter>
    </None>
    <None Include="res\MP4U.bmp">
      <Filter>Resource Files</Filter>
    </None>
    <None Include="res\NewControls.ico">
      <Filter>Resource Files</Filter>
    </None>
    <None Include="res\NOSRC.bmp">
      <Filter>Resource Files</Filter>
    </None>
    <None Include="res\NOSRC_SML.bmp">
      <Filter>Resource Files</Filter>
    </None>
    <None Include="res\Overlay1.bmp">
      <Filter>Resource Files</Filter>
    </None>
    <None Include="res\OvsControl.ico">
      <Filter>Resource Files</Filter>
    </None>
    <None Include="res\PAUSED.bmp">
      <Filter>Resource Files</Filter>
    </None>
    <None Include="res\PAUSEU.bmp">
      <Filter>Resource Files</Filter>
    </None>
    <None Include="res\PAUSEX.bmp">
      <Filter>Resource Files</Filter>
    </None>
    <None Include="res\PHONACCEPTD.bmp">
      <Filter>Resource Files</Filter>
    </None>
    <None Include="res\PHONEACCEPTU.bmp">
      <Filter>Resource Files</Filter>
    </None>
    <None Include="res\PHONEREJECTD.bmp">
      <Filter>Resource Files</Filter>
    </None>
    <None Include="res\PHONEREJECTU.bmp">
      <Filter>Resource Files</Filter>
    </None>
    <None Include="res\play.bmp">
      <Filter>Resource Files</Filter>
    </None>
    <None Include="res\play_hot.bmp">
      <Filter>Resource Files</Filter>
    </None>
    <None Include="res\PromptPlane.bmp">
      <Filter>Resource Files</Filter>
    </None>
    <None Include="res\propicons.bmp">
      <Filter>Resource Files</Filter>
    </None>
    <None Include="res\radio_of.bmp">
      <Filter>Resource Files</Filter>
    </None>
    <None Include="res\radio_of32.bmp">
      <Filter>Resource Files</Filter>
    </None>
    <None Include="res\radio_on.bmp">
      <Filter>Resource Files</Filter>
    </None>
    <None Include="res\radio_on32.bmp">
      <Filter>Resource Files</Filter>
    </None>
    <None Include="res\RECORDD.bmp">
      <Filter>Resource Files</Filter>
    </None>
    <None Include="res\RECORDF.bmp">
      <Filter>Resource Files</Filter>
    </None>
    <None Include="res\RECORDU.bmp">
      <Filter>Resource Files</Filter>
    </None>
    <None Include="res\RECORDX.bmp">
      <Filter>Resource Files</Filter>
    </None>
    <None Include="res\RESETD.bmp">
      <Filter>Resource Files</Filter>
    </None>
    <None Include="res\RESETU.bmp">
      <Filter>Resource Files</Filter>
    </None>
    <None Include="res\RESETX.bmp">
      <Filter>Resource Files</Filter>
    </None>
    <None Include="res\RESUMED.bmp">
      <Filter>Resource Files</Filter>
    </None>
    <None Include="res\RESUMEU.bmp">
      <Filter>Resource Files</Filter>
    </None>
    <None Include="res\RESUMEX.bmp">
      <Filter>Resource Files</Filter>
    </None>
    <None Include="res\RETURNLISTD.bmp">
      <Filter>Resource Files</Filter>
    </None>
    <None Include="res\RETURNLISTU.bmp">
      <Filter>Resource Files</Filter>
    </None>
    <None Include="res\RETURNLISTX.bmp">
      <Filter>Resource Files</Filter>
    </None>
    <None Include="res\skype_img_16x16.bmp">
      <Filter>Resource Files</Filter>
    </None>
    <None Include="res\skype_img_32x32.bmp">
      <Filter>Resource Files</Filter>
    </None>
    <None Include="res\SKYPED.bmp">
      <Filter>Resource Files</Filter>
    </None>
    <None Include="res\SKYPEF.bmp">
      <Filter>Resource Files</Filter>
    </None>
    <None Include="res\SKYPESRC.bmp">
      <Filter>Resource Files</Filter>
    </None>
    <None Include="res\SKYPESRC_SML.bmp">
      <Filter>Resource Files</Filter>
    </None>
    <None Include="res\SKYPEU.bmp">
      <Filter>Resource Files</Filter>
    </None>
    <None Include="res\SKYPEX.bmp">
      <Filter>Resource Files</Filter>
    </None>
    <None Include="res\stop.bmp">
      <Filter>Resource Files</Filter>
    </None>
    <None Include="res\stop_hot.bmp">
      <Filter>Resource Files</Filter>
    </None>
    <None Include="res\STOPD.bmp">
      <Filter>Resource Files</Filter>
    </None>
    <None Include="res\STOPU.bmp">
      <Filter>Resource Files</Filter>
    </None>
    <None Include="res\STOPX.bmp">
      <Filter>Resource Files</Filter>
    </None>
    <None Include="res\toolbar1.bmp">
      <Filter>Resource Files</Filter>
    </None>
    <None Include="res\welcome.bmp">
      <Filter>Resource Files</Filter>
    </None>
    <None Include="ReadMe.htm" />
    <None Include="res\icon_mixer.bmp">
      <Filter>Resource Files</Filter>
    </None>
    <None Include="res\icon2.ico">
      <Filter>Resource Files</Filter>
    </None>
    <None Include="res\icons_skype.bmp">
      <Filter>Resource Files</Filter>
    </None>
    <None Include="res\icon_livecast.bmp">
      <Filter>Resource Files</Filter>
    </None>
    <None Include="res\icon_record.bmp">
      <Filter>Resource Files</Filter>
    </None>
    <None Include="res\icon_layout.bmp">
      <Filter>Resource Files</Filter>
    </None>
  </ItemGroup>
  <ItemGroup>
    <ResourceCompile Include="OvsControl.rc">
      <Filter>Resource Files</Filter>
    </ResourceCompile>
  </ItemGroup>
</Project>